// !$*UTF8*$!
{
	archiveVersion = 1;
	classes = {
	};
	objectVersion = 51;
	objects = {

/* Begin PBXBuildFile section */
		0E5DB55F2581E8E500397EB2 /* AppDelegate.swift in Sources */ = {isa = PBXBuildFile; fileRef = 0E5DB55E2581E8E500397EB2 /* AppDelegate.swift */; };
		0E5DB5662581E8E500397EB2 /* Main.storyboard in Resources */ = {isa = PBXBuildFile; fileRef = 0E5DB5642581E8E500397EB2 /* Main.storyboard */; };
		0E5DB5692581E8E500397EB2 /* Commonwealth_Project.xcdatamodeld in Sources */ = {isa = PBXBuildFile; fileRef = 0E5DB5672581E8E500397EB2 /* Commonwealth_Project.xcdatamodeld */; };
		0E5DB56B2581E8E800397EB2 /* Assets.xcassets in Resources */ = {isa = PBXBuildFile; fileRef = 0E5DB56A2581E8E800397EB2 /* Assets.xcassets */; };
		0E5DB56E2581E8E800397EB2 /* LaunchScreen.storyboard in Resources */ = {isa = PBXBuildFile; fileRef = 0E5DB56C2581E8E800397EB2 /* LaunchScreen.storyboard */; };
		0E5DB5792581E8E900397EB2 /* Commonwealth_ProjectTests.swift in Sources */ = {isa = PBXBuildFile; fileRef = 0E5DB5782581E8E900397EB2 /* Commonwealth_ProjectTests.swift */; };
		0E5DB5842581E8E900397EB2 /* Commonwealth_ProjectUITests.swift in Sources */ = {isa = PBXBuildFile; fileRef = 0E5DB5832581E8E900397EB2 /* Commonwealth_ProjectUITests.swift */; };
		0ED3BCBB2581E9EB008AF9FD /* ListOfMedicationAPIService.swift in Sources */ = {isa = PBXBuildFile; fileRef = 0ED3BCA22581E9EB008AF9FD /* ListOfMedicationAPIService.swift */; };
		0ED3BCBC2581E9EB008AF9FD /* ListOfMedicationResponse.swift in Sources */ = {isa = PBXBuildFile; fileRef = 0ED3BCA32581E9EB008AF9FD /* ListOfMedicationResponse.swift */; };
		0ED3BCBD2581E9EB008AF9FD /* MedicationDetailQuery.swift in Sources */ = {isa = PBXBuildFile; fileRef = 0ED3BCA52581E9EB008AF9FD /* MedicationDetailQuery.swift */; };
		0ED3BCBE2581E9EB008AF9FD /* MedicationDetailResponse.swift in Sources */ = {isa = PBXBuildFile; fileRef = 0ED3BCA62581E9EB008AF9FD /* MedicationDetailResponse.swift */; };
		0ED3BCBF2581E9EB008AF9FD /* MedicationDetailAPIService.swift in Sources */ = {isa = PBXBuildFile; fileRef = 0ED3BCA72581E9EB008AF9FD /* MedicationDetailAPIService.swift */; };
		0ED3BCC02581E9EB008AF9FD /* SourceAPI.swift in Sources */ = {isa = PBXBuildFile; fileRef = 0ED3BCA92581E9EB008AF9FD /* SourceAPI.swift */; };
		0ED3BCC12581E9EB008AF9FD /* SourceResponse.swift in Sources */ = {isa = PBXBuildFile; fileRef = 0ED3BCAA2581E9EB008AF9FD /* SourceResponse.swift */; };
		0ED3BCC22581E9EB008AF9FD /* SourceAPIImpl.swift in Sources */ = {isa = PBXBuildFile; fileRef = 0ED3BCAB2581E9EB008AF9FD /* SourceAPIImpl.swift */; };
		0ED3BCC32581E9EB008AF9FD /* SourceBody.swift in Sources */ = {isa = PBXBuildFile; fileRef = 0ED3BCAC2581E9EB008AF9FD /* SourceBody.swift */; };
		0ED3BCC42581E9EB008AF9FD /* HeadlineResponse.swift in Sources */ = {isa = PBXBuildFile; fileRef = 0ED3BCAE2581E9EB008AF9FD /* HeadlineResponse.swift */; };
		0ED3BCC52581E9EB008AF9FD /* HeadlineAPIImpl.swift in Sources */ = {isa = PBXBuildFile; fileRef = 0ED3BCAF2581E9EB008AF9FD /* HeadlineAPIImpl.swift */; };
		0ED3BCC62581E9EB008AF9FD /* HeadlineAPI.swift in Sources */ = {isa = PBXBuildFile; fileRef = 0ED3BCB02581E9EB008AF9FD /* HeadlineAPI.swift */; };
		0ED3BCC72581E9EB008AF9FD /* HeadlineBody.swift in Sources */ = {isa = PBXBuildFile; fileRef = 0ED3BCB12581E9EB008AF9FD /* HeadlineBody.swift */; };
		0ED3BCC82581E9EB008AF9FD /* HTTPRequest.swift in Sources */ = {isa = PBXBuildFile; fileRef = 0ED3BCB32581E9EB008AF9FD /* HTTPRequest.swift */; };
		0ED3BCC92581E9EB008AF9FD /* HTTPMethod.swift in Sources */ = {isa = PBXBuildFile; fileRef = 0ED3BCB42581E9EB008AF9FD /* HTTPMethod.swift */; };
		0ED3BCCA2581E9EB008AF9FD /* HTTPClient.swift in Sources */ = {isa = PBXBuildFile; fileRef = 0ED3BCB52581E9EB008AF9FD /* HTTPClient.swift */; };
		0ED3BCCB2581E9EB008AF9FD /* HTTPError.swift in Sources */ = {isa = PBXBuildFile; fileRef = 0ED3BCB62581E9EB008AF9FD /* HTTPError.swift */; };
		0ED3BCCC2581E9EB008AF9FD /* HTTPReachability.swift in Sources */ = {isa = PBXBuildFile; fileRef = 0ED3BCB72581E9EB008AF9FD /* HTTPReachability.swift */; };
		0ED3BCCD2581E9EB008AF9FD /* HTTPAuth.swift in Sources */ = {isa = PBXBuildFile; fileRef = 0ED3BCB82581E9EB008AF9FD /* HTTPAuth.swift */; };
		0ED3BCCE2581E9EB008AF9FD /* HTTPClientImpl.swift in Sources */ = {isa = PBXBuildFile; fileRef = 0ED3BCB92581E9EB008AF9FD /* HTTPClientImpl.swift */; };
		0ED3BCCF2581E9EB008AF9FD /* HTTPInfo.swift in Sources */ = {isa = PBXBuildFile; fileRef = 0ED3BCBA2581E9EB008AF9FD /* HTTPInfo.swift */; };
		0ED3BD192581E9F3008AF9FD /* OrderListCell.swift in Sources */ = {isa = PBXBuildFile; fileRef = 0ED3BCD72581E9F3008AF9FD /* OrderListCell.swift */; };
		0ED3BD1A2581E9F3008AF9FD /* OrderListCell.xib in Resources */ = {isa = PBXBuildFile; fileRef = 0ED3BCD82581E9F3008AF9FD /* OrderListCell.xib */; };
		0ED3BD1B2581E9F3008AF9FD /* ListOrderInteractor.swift in Sources */ = {isa = PBXBuildFile; fileRef = 0ED3BCDA2581E9F3008AF9FD /* ListOrderInteractor.swift */; };
		0ED3BD1C2581E9F3008AF9FD /* ListOrderPresenter.swift in Sources */ = {isa = PBXBuildFile; fileRef = 0ED3BCDB2581E9F3008AF9FD /* ListOrderPresenter.swift */; };
		0ED3BD1D2581E9F3008AF9FD /* ListOrderRouter.swift in Sources */ = {isa = PBXBuildFile; fileRef = 0ED3BCDC2581E9F3008AF9FD /* ListOrderRouter.swift */; };
		0ED3BD1E2581E9F3008AF9FD /* ListOrderVC.swift in Sources */ = {isa = PBXBuildFile; fileRef = 0ED3BCDE2581E9F3008AF9FD /* ListOrderVC.swift */; };
		0ED3BD1F2581E9F3008AF9FD /* OrderListView.swift in Sources */ = {isa = PBXBuildFile; fileRef = 0ED3BCDF2581E9F3008AF9FD /* OrderListView.swift */; };
		0ED3BD202581E9F3008AF9FD /* ListOrderVC.xib in Resources */ = {isa = PBXBuildFile; fileRef = 0ED3BCE02581E9F3008AF9FD /* ListOrderVC.xib */; };
		0ED3BD212581E9F3008AF9FD /* OrderDetailStatusCell.xib in Resources */ = {isa = PBXBuildFile; fileRef = 0ED3BCE42581E9F3008AF9FD /* OrderDetailStatusCell.xib */; };
		0ED3BD222581E9F3008AF9FD /* OrderDetailStatusCell.swift in Sources */ = {isa = PBXBuildFile; fileRef = 0ED3BCE52581E9F3008AF9FD /* OrderDetailStatusCell.swift */; };
		0ED3BD232581E9F3008AF9FD /* OrderDetailCustomerCell.xib in Resources */ = {isa = PBXBuildFile; fileRef = 0ED3BCE72581E9F3008AF9FD /* OrderDetailCustomerCell.xib */; };
		0ED3BD242581E9F3008AF9FD /* OrderDetailCustomerCell.swift in Sources */ = {isa = PBXBuildFile; fileRef = 0ED3BCE82581E9F3008AF9FD /* OrderDetailCustomerCell.swift */; };
		0ED3BD252581E9F3008AF9FD /* OrderDetailPrescriptionCell.xib in Resources */ = {isa = PBXBuildFile; fileRef = 0ED3BCEA2581E9F3008AF9FD /* OrderDetailPrescriptionCell.xib */; };
		0ED3BD262581E9F3008AF9FD /* OrderDetailPrescriptionCell.swift in Sources */ = {isa = PBXBuildFile; fileRef = 0ED3BCEB2581E9F3008AF9FD /* OrderDetailPrescriptionCell.swift */; };
		0ED3BD272581E9F3008AF9FD /* OrderDetailPresenter.swift in Sources */ = {isa = PBXBuildFile; fileRef = 0ED3BCED2581E9F3008AF9FD /* OrderDetailPresenter.swift */; };
		0ED3BD282581E9F3008AF9FD /* OrderDetailInteractor.swift in Sources */ = {isa = PBXBuildFile; fileRef = 0ED3BCEE2581E9F3008AF9FD /* OrderDetailInteractor.swift */; };
		0ED3BD292581E9F3008AF9FD /* OrderDetailRouter.swift in Sources */ = {isa = PBXBuildFile; fileRef = 0ED3BCEF2581E9F3008AF9FD /* OrderDetailRouter.swift */; };
		0ED3BD2A2581E9F3008AF9FD /* OrderDetailVC.xib in Resources */ = {isa = PBXBuildFile; fileRef = 0ED3BCF12581E9F3008AF9FD /* OrderDetailVC.xib */; };
		0ED3BD2B2581E9F3008AF9FD /* OrderDetailVC.swift in Sources */ = {isa = PBXBuildFile; fileRef = 0ED3BCF22581E9F3008AF9FD /* OrderDetailVC.swift */; };
		0ED3BD2C2581E9F3008AF9FD /* OrderDetailView.swift in Sources */ = {isa = PBXBuildFile; fileRef = 0ED3BCF32581E9F3008AF9FD /* OrderDetailView.swift */; };
		0ED3BD2D2581E9F3008AF9FD /* DetailArticleInteractor.swift in Sources */ = {isa = PBXBuildFile; fileRef = 0ED3BCF72581E9F3008AF9FD /* DetailArticleInteractor.swift */; };
		0ED3BD2E2581E9F3008AF9FD /* DetailArticlePresenter.swift in Sources */ = {isa = PBXBuildFile; fileRef = 0ED3BCF82581E9F3008AF9FD /* DetailArticlePresenter.swift */; };
		0ED3BD2F2581E9F3008AF9FD /* DetailArticleRouter.swift in Sources */ = {isa = PBXBuildFile; fileRef = 0ED3BCF92581E9F3008AF9FD /* DetailArticleRouter.swift */; };
		0ED3BD302581E9F3008AF9FD /* ArticleView.swift in Sources */ = {isa = PBXBuildFile; fileRef = 0ED3BCFB2581E9F3008AF9FD /* ArticleView.swift */; };
		0ED3BD312581E9F3008AF9FD /* ArticleVC.xib in Resources */ = {isa = PBXBuildFile; fileRef = 0ED3BCFC2581E9F3008AF9FD /* ArticleVC.xib */; };
		0ED3BD322581E9F3008AF9FD /* ArticleVC.swift in Sources */ = {isa = PBXBuildFile; fileRef = 0ED3BCFD2581E9F3008AF9FD /* ArticleVC.swift */; };
		0ED3BD332581E9F3008AF9FD /* ListSourceRouter.swift in Sources */ = {isa = PBXBuildFile; fileRef = 0ED3BD002581E9F3008AF9FD /* ListSourceRouter.swift */; };
		0ED3BD342581E9F3008AF9FD /* ListSourceInteractor.swift in Sources */ = {isa = PBXBuildFile; fileRef = 0ED3BD012581E9F3008AF9FD /* ListSourceInteractor.swift */; };
		0ED3BD352581E9F3008AF9FD /* ListSourcePresenter.swift in Sources */ = {isa = PBXBuildFile; fileRef = 0ED3BD022581E9F3008AF9FD /* ListSourcePresenter.swift */; };
		0ED3BD362581E9F3008AF9FD /* ListSourceView.swift in Sources */ = {isa = PBXBuildFile; fileRef = 0ED3BD042581E9F3008AF9FD /* ListSourceView.swift */; };
		0ED3BD372581E9F3008AF9FD /* ListSourceVC.xib in Resources */ = {isa = PBXBuildFile; fileRef = 0ED3BD052581E9F3008AF9FD /* ListSourceVC.xib */; };
		0ED3BD382581E9F3008AF9FD /* ListSourceVC.swift in Sources */ = {isa = PBXBuildFile; fileRef = 0ED3BD062581E9F3008AF9FD /* ListSourceVC.swift */; };
		0ED3BD392581E9F3008AF9FD /* ListArticleInteractor.swift in Sources */ = {isa = PBXBuildFile; fileRef = 0ED3BD092581E9F3008AF9FD /* ListArticleInteractor.swift */; };
		0ED3BD3A2581E9F3008AF9FD /* ListArticleRouter.swift in Sources */ = {isa = PBXBuildFile; fileRef = 0ED3BD0A2581E9F3008AF9FD /* ListArticleRouter.swift */; };
		0ED3BD3B2581E9F3008AF9FD /* ListArticlePresenter.swift in Sources */ = {isa = PBXBuildFile; fileRef = 0ED3BD0B2581E9F3008AF9FD /* ListArticlePresenter.swift */; };
		0ED3BD3C2581E9F3008AF9FD /* ListArticleVC.xib in Resources */ = {isa = PBXBuildFile; fileRef = 0ED3BD0D2581E9F3008AF9FD /* ListArticleVC.xib */; };
		0ED3BD3D2581E9F3008AF9FD /* ListArticleVC.swift in Sources */ = {isa = PBXBuildFile; fileRef = 0ED3BD0E2581E9F3008AF9FD /* ListArticleVC.swift */; };
		0ED3BD3E2581E9F3008AF9FD /* ListArticleView.swift in Sources */ = {isa = PBXBuildFile; fileRef = 0ED3BD0F2581E9F3008AF9FD /* ListArticleView.swift */; };
		0ED3BD3F2581E9F3008AF9FD /* ListCategoryPresenter.swift in Sources */ = {isa = PBXBuildFile; fileRef = 0ED3BD122581E9F3008AF9FD /* ListCategoryPresenter.swift */; };
		0ED3BD402581E9F3008AF9FD /* ListCategoryInteractor.swift in Sources */ = {isa = PBXBuildFile; fileRef = 0ED3BD132581E9F3008AF9FD /* ListCategoryInteractor.swift */; };
		0ED3BD412581E9F3008AF9FD /* ListCategoryRouter.swift in Sources */ = {isa = PBXBuildFile; fileRef = 0ED3BD142581E9F3008AF9FD /* ListCategoryRouter.swift */; };
		0ED3BD422581E9F3008AF9FD /* ListCategoryView.swift in Sources */ = {isa = PBXBuildFile; fileRef = 0ED3BD162581E9F3008AF9FD /* ListCategoryView.swift */; };
		0ED3BD432581E9F3008AF9FD /* ListCategoryVC.xib in Resources */ = {isa = PBXBuildFile; fileRef = 0ED3BD172581E9F3008AF9FD /* ListCategoryVC.xib */; };
		0ED3BD442581E9F3008AF9FD /* ListCategoryVC.swift in Sources */ = {isa = PBXBuildFile; fileRef = 0ED3BD182581E9F3008AF9FD /* ListCategoryVC.swift */; };
		0ED3BD632581EA06008AF9FD /* DataModuleFactory.swift in Sources */ = {isa = PBXBuildFile; fileRef = 0ED3BD4D2581EA06008AF9FD /* DataModuleFactory.swift */; };
		0ED3BD642581EA06008AF9FD /* ModuleFactoryImpl.swift in Sources */ = {isa = PBXBuildFile; fileRef = 0ED3BD4E2581EA06008AF9FD /* ModuleFactoryImpl.swift */; };
		0ED3BD652581EA06008AF9FD /* PreferenceKey.swift in Sources */ = {isa = PBXBuildFile; fileRef = 0ED3BD502581EA06008AF9FD /* PreferenceKey.swift */; };
		0ED3BD662581EA06008AF9FD /* CurrencyFormatter.swift in Sources */ = {isa = PBXBuildFile; fileRef = 0ED3BD522581EA06008AF9FD /* CurrencyFormatter.swift */; };
		0ED3BD672581EA06008AF9FD /* DateFormatter.swift in Sources */ = {isa = PBXBuildFile; fileRef = 0ED3BD532581EA06008AF9FD /* DateFormatter.swift */; };
		0ED3BD682581EA06008AF9FD /* UIViewController+Extensions.swift in Sources */ = {isa = PBXBuildFile; fileRef = 0ED3BD552581EA06008AF9FD /* UIViewController+Extensions.swift */; };
		0ED3BD692581EA06008AF9FD /* UIView+Extensions.swift in Sources */ = {isa = PBXBuildFile; fileRef = 0ED3BD562581EA06008AF9FD /* UIView+Extensions.swift */; };
		0ED3BD6A2581EA06008AF9FD /* String+Extensions.swift in Sources */ = {isa = PBXBuildFile; fileRef = 0ED3BD572581EA06008AF9FD /* String+Extensions.swift */; };
		0ED3BD6B2581EA06008AF9FD /* WKWebView+Extensions.swift in Sources */ = {isa = PBXBuildFile; fileRef = 0ED3BD582581EA06008AF9FD /* WKWebView+Extensions.swift */; };
		0ED3BD6C2581EA06008AF9FD /* NSObject+Extensions.swift in Sources */ = {isa = PBXBuildFile; fileRef = 0ED3BD592581EA06008AF9FD /* NSObject+Extensions.swift */; };
		0ED3BD6D2581EA06008AF9FD /* Animator.swift in Sources */ = {isa = PBXBuildFile; fileRef = 0ED3BD5A2581EA06008AF9FD /* Animator.swift */; };
		0ED3BD6E2581EA06008AF9FD /* ScheduleProvider.swift in Sources */ = {isa = PBXBuildFile; fileRef = 0ED3BD5B2581EA06008AF9FD /* ScheduleProvider.swift */; };
		0ED3BD6F2581EA06008AF9FD /* Interactorable.swift in Sources */ = {isa = PBXBuildFile; fileRef = 0ED3BD5D2581EA06008AF9FD /* Interactorable.swift */; };
		0ED3BD702581EA06008AF9FD /* Presenterable.swift in Sources */ = {isa = PBXBuildFile; fileRef = 0ED3BD5E2581EA06008AF9FD /* Presenterable.swift */; };
		0ED3BD712581EA06008AF9FD /* Routerable.swift in Sources */ = {isa = PBXBuildFile; fileRef = 0ED3BD5F2581EA06008AF9FD /* Routerable.swift */; };
		0ED3BD722581EA06008AF9FD /* Viewable.swift in Sources */ = {isa = PBXBuildFile; fileRef = 0ED3BD602581EA06008AF9FD /* Viewable.swift */; };
		0ED3BD732581EA06008AF9FD /* AnimationFactory.swift in Sources */ = {isa = PBXBuildFile; fileRef = 0ED3BD612581EA06008AF9FD /* AnimationFactory.swift */; };
		0ED3BD862581EB97008AF9FD /* CreateEmployeeResponse.swift in Sources */ = {isa = PBXBuildFile; fileRef = 0ED3BD852581EB97008AF9FD /* CreateEmployeeResponse.swift */; };
		0ED3BD8B2581EBA4008AF9FD /* CreateEmployeeRequest.swift in Sources */ = {isa = PBXBuildFile; fileRef = 0ED3BD8A2581EBA4008AF9FD /* CreateEmployeeRequest.swift */; };
		0ED3BD902581EBB6008AF9FD /* ReadEmployeeResponse.swift in Sources */ = {isa = PBXBuildFile; fileRef = 0ED3BD8F2581EBB6008AF9FD /* ReadEmployeeResponse.swift */; };
		0ED3BD952581EBE3008AF9FD /* CreateEmployeeAPIService.swift in Sources */ = {isa = PBXBuildFile; fileRef = 0ED3BD942581EBE3008AF9FD /* CreateEmployeeAPIService.swift */; };
		0ED3BDA52581ED7F008AF9FD /* ReadEmployeeAPIService.swift in Sources */ = {isa = PBXBuildFile; fileRef = 0ED3BDA42581ED7F008AF9FD /* ReadEmployeeAPIService.swift */; };
		0ED3BDAA2581EE3F008AF9FD /* UpdateEmployeeAPIService.swift in Sources */ = {isa = PBXBuildFile; fileRef = 0ED3BDA92581EE3F008AF9FD /* UpdateEmployeeAPIService.swift */; };
		0ED3BDAF2581EEAE008AF9FD /* DeleteEmployeeAPIService.swift in Sources */ = {isa = PBXBuildFile; fileRef = 0ED3BDAE2581EEAE008AF9FD /* DeleteEmployeeAPIService.swift */; };
		0ED3BDB72581EF46008AF9FD /* CreateEmployeeVC.swift in Sources */ = {isa = PBXBuildFile; fileRef = 0ED3BDB52581EF46008AF9FD /* CreateEmployeeVC.swift */; };
		0ED3BDB82581EF46008AF9FD /* CreateEmployeeVC.xib in Resources */ = {isa = PBXBuildFile; fileRef = 0ED3BDB62581EF46008AF9FD /* CreateEmployeeVC.xib */; };
		0ED3BDBF2581F271008AF9FD /* CreateEmployeeInteractor.swift in Sources */ = {isa = PBXBuildFile; fileRef = 0ED3BDBE2581F271008AF9FD /* CreateEmployeeInteractor.swift */; };
		0ED3BDC42581F280008AF9FD /* CreateEmployeeView.swift in Sources */ = {isa = PBXBuildFile; fileRef = 0ED3BDC32581F280008AF9FD /* CreateEmployeeView.swift */; };
		0ED3BDC92581F28A008AF9FD /* CreateEmployeePresenter.swift in Sources */ = {isa = PBXBuildFile; fileRef = 0ED3BDC82581F28A008AF9FD /* CreateEmployeePresenter.swift */; };
		0ED3BDCE2581F292008AF9FD /* CreateEmployeeRouter.swift in Sources */ = {isa = PBXBuildFile; fileRef = 0ED3BDCD2581F292008AF9FD /* CreateEmployeeRouter.swift */; };
		55C099809D5243FA4E1D9CF6 /* Pods_Commonwealth_Project.framework in Frameworks */ = {isa = PBXBuildFile; fileRef = 1E6579667E99E07BA523589A /* Pods_Commonwealth_Project.framework */; };
		65B5236F996BE399FC60E33E /* Pods_Commonwealth_ProjectTests.framework in Frameworks */ = {isa = PBXBuildFile; fileRef = 7F8F4DCC69B0914BF1A6F680 /* Pods_Commonwealth_ProjectTests.framework */; };
		F06FFC1F8A94A4CC37D61A7F /* Pods_Commonwealth_Project_Commonwealth_ProjectUITests.framework in Frameworks */ = {isa = PBXBuildFile; fileRef = 0BE02E88D7C5B02BFFE830D8 /* Pods_Commonwealth_Project_Commonwealth_ProjectUITests.framework */; };
/* End PBXBuildFile section */

/* Begin PBXContainerItemProxy section */
		0E5DB5752581E8E900397EB2 /* PBXContainerItemProxy */ = {
			isa = PBXContainerItemProxy;
			containerPortal = 0E5DB5532581E8E500397EB2 /* Project object */;
			proxyType = 1;
			remoteGlobalIDString = 0E5DB55A2581E8E500397EB2;
			remoteInfo = "Commonwealth Project";
		};
		0E5DB5802581E8E900397EB2 /* PBXContainerItemProxy */ = {
			isa = PBXContainerItemProxy;
			containerPortal = 0E5DB5532581E8E500397EB2 /* Project object */;
			proxyType = 1;
			remoteGlobalIDString = 0E5DB55A2581E8E500397EB2;
			remoteInfo = "Commonwealth Project";
		};
/* End PBXContainerItemProxy section */

/* Begin PBXFileReference section */
		0BE02E88D7C5B02BFFE830D8 /* Pods_Commonwealth_Project_Commonwealth_ProjectUITests.framework */ = {isa = PBXFileReference; explicitFileType = wrapper.framework; includeInIndex = 0; path = Pods_Commonwealth_Project_Commonwealth_ProjectUITests.framework; sourceTree = BUILT_PRODUCTS_DIR; };
		0E5DB55B2581E8E500397EB2 /* Commonwealth Project.app */ = {isa = PBXFileReference; explicitFileType = wrapper.application; includeInIndex = 0; path = "Commonwealth Project.app"; sourceTree = BUILT_PRODUCTS_DIR; };
		0E5DB55E2581E8E500397EB2 /* AppDelegate.swift */ = {isa = PBXFileReference; lastKnownFileType = sourcecode.swift; path = AppDelegate.swift; sourceTree = "<group>"; };
		0E5DB5652581E8E500397EB2 /* Base */ = {isa = PBXFileReference; lastKnownFileType = file.storyboard; name = Base; path = Base.lproj/Main.storyboard; sourceTree = "<group>"; };
		0E5DB5682581E8E500397EB2 /* Commonwealth_Project.xcdatamodel */ = {isa = PBXFileReference; lastKnownFileType = wrapper.xcdatamodel; path = Commonwealth_Project.xcdatamodel; sourceTree = "<group>"; };
		0E5DB56A2581E8E800397EB2 /* Assets.xcassets */ = {isa = PBXFileReference; lastKnownFileType = folder.assetcatalog; path = Assets.xcassets; sourceTree = "<group>"; };
		0E5DB56D2581E8E800397EB2 /* Base */ = {isa = PBXFileReference; lastKnownFileType = file.storyboard; name = Base; path = Base.lproj/LaunchScreen.storyboard; sourceTree = "<group>"; };
		0E5DB56F2581E8E800397EB2 /* Info.plist */ = {isa = PBXFileReference; lastKnownFileType = text.plist.xml; path = Info.plist; sourceTree = "<group>"; };
		0E5DB5742581E8E900397EB2 /* Commonwealth ProjectTests.xctest */ = {isa = PBXFileReference; explicitFileType = wrapper.cfbundle; includeInIndex = 0; path = "Commonwealth ProjectTests.xctest"; sourceTree = BUILT_PRODUCTS_DIR; };
		0E5DB5782581E8E900397EB2 /* Commonwealth_ProjectTests.swift */ = {isa = PBXFileReference; lastKnownFileType = sourcecode.swift; path = Commonwealth_ProjectTests.swift; sourceTree = "<group>"; };
		0E5DB57A2581E8E900397EB2 /* Info.plist */ = {isa = PBXFileReference; lastKnownFileType = text.plist.xml; path = Info.plist; sourceTree = "<group>"; };
		0E5DB57F2581E8E900397EB2 /* Commonwealth ProjectUITests.xctest */ = {isa = PBXFileReference; explicitFileType = wrapper.cfbundle; includeInIndex = 0; path = "Commonwealth ProjectUITests.xctest"; sourceTree = BUILT_PRODUCTS_DIR; };
		0E5DB5832581E8E900397EB2 /* Commonwealth_ProjectUITests.swift */ = {isa = PBXFileReference; lastKnownFileType = sourcecode.swift; path = Commonwealth_ProjectUITests.swift; sourceTree = "<group>"; };
		0E5DB5852581E8E900397EB2 /* Info.plist */ = {isa = PBXFileReference; lastKnownFileType = text.plist.xml; path = Info.plist; sourceTree = "<group>"; };
		0ED3BCA22581E9EB008AF9FD /* ListOfMedicationAPIService.swift */ = {isa = PBXFileReference; fileEncoding = 4; lastKnownFileType = sourcecode.swift; path = ListOfMedicationAPIService.swift; sourceTree = "<group>"; };
		0ED3BCA32581E9EB008AF9FD /* ListOfMedicationResponse.swift */ = {isa = PBXFileReference; fileEncoding = 4; lastKnownFileType = sourcecode.swift; path = ListOfMedicationResponse.swift; sourceTree = "<group>"; };
		0ED3BCA52581E9EB008AF9FD /* MedicationDetailQuery.swift */ = {isa = PBXFileReference; fileEncoding = 4; lastKnownFileType = sourcecode.swift; path = MedicationDetailQuery.swift; sourceTree = "<group>"; };
		0ED3BCA62581E9EB008AF9FD /* MedicationDetailResponse.swift */ = {isa = PBXFileReference; fileEncoding = 4; lastKnownFileType = sourcecode.swift; path = MedicationDetailResponse.swift; sourceTree = "<group>"; };
		0ED3BCA72581E9EB008AF9FD /* MedicationDetailAPIService.swift */ = {isa = PBXFileReference; fileEncoding = 4; lastKnownFileType = sourcecode.swift; path = MedicationDetailAPIService.swift; sourceTree = "<group>"; };
		0ED3BCA92581E9EB008AF9FD /* SourceAPI.swift */ = {isa = PBXFileReference; fileEncoding = 4; lastKnownFileType = sourcecode.swift; path = SourceAPI.swift; sourceTree = "<group>"; };
		0ED3BCAA2581E9EB008AF9FD /* SourceResponse.swift */ = {isa = PBXFileReference; fileEncoding = 4; lastKnownFileType = sourcecode.swift; path = SourceResponse.swift; sourceTree = "<group>"; };
		0ED3BCAB2581E9EB008AF9FD /* SourceAPIImpl.swift */ = {isa = PBXFileReference; fileEncoding = 4; lastKnownFileType = sourcecode.swift; path = SourceAPIImpl.swift; sourceTree = "<group>"; };
		0ED3BCAC2581E9EB008AF9FD /* SourceBody.swift */ = {isa = PBXFileReference; fileEncoding = 4; lastKnownFileType = sourcecode.swift; path = SourceBody.swift; sourceTree = "<group>"; };
		0ED3BCAE2581E9EB008AF9FD /* HeadlineResponse.swift */ = {isa = PBXFileReference; fileEncoding = 4; lastKnownFileType = sourcecode.swift; path = HeadlineResponse.swift; sourceTree = "<group>"; };
		0ED3BCAF2581E9EB008AF9FD /* HeadlineAPIImpl.swift */ = {isa = PBXFileReference; fileEncoding = 4; lastKnownFileType = sourcecode.swift; path = HeadlineAPIImpl.swift; sourceTree = "<group>"; };
		0ED3BCB02581E9EB008AF9FD /* HeadlineAPI.swift */ = {isa = PBXFileReference; fileEncoding = 4; lastKnownFileType = sourcecode.swift; path = HeadlineAPI.swift; sourceTree = "<group>"; };
		0ED3BCB12581E9EB008AF9FD /* HeadlineBody.swift */ = {isa = PBXFileReference; fileEncoding = 4; lastKnownFileType = sourcecode.swift; path = HeadlineBody.swift; sourceTree = "<group>"; };
		0ED3BCB32581E9EB008AF9FD /* HTTPRequest.swift */ = {isa = PBXFileReference; fileEncoding = 4; lastKnownFileType = sourcecode.swift; path = HTTPRequest.swift; sourceTree = "<group>"; };
		0ED3BCB42581E9EB008AF9FD /* HTTPMethod.swift */ = {isa = PBXFileReference; fileEncoding = 4; lastKnownFileType = sourcecode.swift; path = HTTPMethod.swift; sourceTree = "<group>"; };
		0ED3BCB52581E9EB008AF9FD /* HTTPClient.swift */ = {isa = PBXFileReference; fileEncoding = 4; lastKnownFileType = sourcecode.swift; path = HTTPClient.swift; sourceTree = "<group>"; };
		0ED3BCB62581E9EB008AF9FD /* HTTPError.swift */ = {isa = PBXFileReference; fileEncoding = 4; lastKnownFileType = sourcecode.swift; path = HTTPError.swift; sourceTree = "<group>"; };
		0ED3BCB72581E9EB008AF9FD /* HTTPReachability.swift */ = {isa = PBXFileReference; fileEncoding = 4; lastKnownFileType = sourcecode.swift; path = HTTPReachability.swift; sourceTree = "<group>"; };
		0ED3BCB82581E9EB008AF9FD /* HTTPAuth.swift */ = {isa = PBXFileReference; fileEncoding = 4; lastKnownFileType = sourcecode.swift; path = HTTPAuth.swift; sourceTree = "<group>"; };
		0ED3BCB92581E9EB008AF9FD /* HTTPClientImpl.swift */ = {isa = PBXFileReference; fileEncoding = 4; lastKnownFileType = sourcecode.swift; path = HTTPClientImpl.swift; sourceTree = "<group>"; };
		0ED3BCBA2581E9EB008AF9FD /* HTTPInfo.swift */ = {isa = PBXFileReference; fileEncoding = 4; lastKnownFileType = sourcecode.swift; path = HTTPInfo.swift; sourceTree = "<group>"; };
		0ED3BCD72581E9F3008AF9FD /* OrderListCell.swift */ = {isa = PBXFileReference; fileEncoding = 4; lastKnownFileType = sourcecode.swift; path = OrderListCell.swift; sourceTree = "<group>"; };
		0ED3BCD82581E9F3008AF9FD /* OrderListCell.xib */ = {isa = PBXFileReference; fileEncoding = 4; lastKnownFileType = file.xib; path = OrderListCell.xib; sourceTree = "<group>"; };
		0ED3BCDA2581E9F3008AF9FD /* ListOrderInteractor.swift */ = {isa = PBXFileReference; fileEncoding = 4; lastKnownFileType = sourcecode.swift; path = ListOrderInteractor.swift; sourceTree = "<group>"; };
		0ED3BCDB2581E9F3008AF9FD /* ListOrderPresenter.swift */ = {isa = PBXFileReference; fileEncoding = 4; lastKnownFileType = sourcecode.swift; path = ListOrderPresenter.swift; sourceTree = "<group>"; };
		0ED3BCDC2581E9F3008AF9FD /* ListOrderRouter.swift */ = {isa = PBXFileReference; fileEncoding = 4; lastKnownFileType = sourcecode.swift; path = ListOrderRouter.swift; sourceTree = "<group>"; };
		0ED3BCDE2581E9F3008AF9FD /* ListOrderVC.swift */ = {isa = PBXFileReference; fileEncoding = 4; lastKnownFileType = sourcecode.swift; path = ListOrderVC.swift; sourceTree = "<group>"; };
		0ED3BCDF2581E9F3008AF9FD /* OrderListView.swift */ = {isa = PBXFileReference; fileEncoding = 4; lastKnownFileType = sourcecode.swift; path = OrderListView.swift; sourceTree = "<group>"; };
		0ED3BCE02581E9F3008AF9FD /* ListOrderVC.xib */ = {isa = PBXFileReference; fileEncoding = 4; lastKnownFileType = file.xib; path = ListOrderVC.xib; sourceTree = "<group>"; };
		0ED3BCE42581E9F3008AF9FD /* OrderDetailStatusCell.xib */ = {isa = PBXFileReference; fileEncoding = 4; lastKnownFileType = file.xib; path = OrderDetailStatusCell.xib; sourceTree = "<group>"; };
		0ED3BCE52581E9F3008AF9FD /* OrderDetailStatusCell.swift */ = {isa = PBXFileReference; fileEncoding = 4; lastKnownFileType = sourcecode.swift; path = OrderDetailStatusCell.swift; sourceTree = "<group>"; };
		0ED3BCE72581E9F3008AF9FD /* OrderDetailCustomerCell.xib */ = {isa = PBXFileReference; fileEncoding = 4; lastKnownFileType = file.xib; path = OrderDetailCustomerCell.xib; sourceTree = "<group>"; };
		0ED3BCE82581E9F3008AF9FD /* OrderDetailCustomerCell.swift */ = {isa = PBXFileReference; fileEncoding = 4; lastKnownFileType = sourcecode.swift; path = OrderDetailCustomerCell.swift; sourceTree = "<group>"; };
		0ED3BCEA2581E9F3008AF9FD /* OrderDetailPrescriptionCell.xib */ = {isa = PBXFileReference; fileEncoding = 4; lastKnownFileType = file.xib; path = OrderDetailPrescriptionCell.xib; sourceTree = "<group>"; };
		0ED3BCEB2581E9F3008AF9FD /* OrderDetailPrescriptionCell.swift */ = {isa = PBXFileReference; fileEncoding = 4; lastKnownFileType = sourcecode.swift; path = OrderDetailPrescriptionCell.swift; sourceTree = "<group>"; };
		0ED3BCED2581E9F3008AF9FD /* OrderDetailPresenter.swift */ = {isa = PBXFileReference; fileEncoding = 4; lastKnownFileType = sourcecode.swift; path = OrderDetailPresenter.swift; sourceTree = "<group>"; };
		0ED3BCEE2581E9F3008AF9FD /* OrderDetailInteractor.swift */ = {isa = PBXFileReference; fileEncoding = 4; lastKnownFileType = sourcecode.swift; path = OrderDetailInteractor.swift; sourceTree = "<group>"; };
		0ED3BCEF2581E9F3008AF9FD /* OrderDetailRouter.swift */ = {isa = PBXFileReference; fileEncoding = 4; lastKnownFileType = sourcecode.swift; path = OrderDetailRouter.swift; sourceTree = "<group>"; };
		0ED3BCF12581E9F3008AF9FD /* OrderDetailVC.xib */ = {isa = PBXFileReference; fileEncoding = 4; lastKnownFileType = file.xib; path = OrderDetailVC.xib; sourceTree = "<group>"; };
		0ED3BCF22581E9F3008AF9FD /* OrderDetailVC.swift */ = {isa = PBXFileReference; fileEncoding = 4; lastKnownFileType = sourcecode.swift; path = OrderDetailVC.swift; sourceTree = "<group>"; };
		0ED3BCF32581E9F3008AF9FD /* OrderDetailView.swift */ = {isa = PBXFileReference; fileEncoding = 4; lastKnownFileType = sourcecode.swift; path = OrderDetailView.swift; sourceTree = "<group>"; };
		0ED3BCF72581E9F3008AF9FD /* DetailArticleInteractor.swift */ = {isa = PBXFileReference; fileEncoding = 4; lastKnownFileType = sourcecode.swift; path = DetailArticleInteractor.swift; sourceTree = "<group>"; };
		0ED3BCF82581E9F3008AF9FD /* DetailArticlePresenter.swift */ = {isa = PBXFileReference; fileEncoding = 4; lastKnownFileType = sourcecode.swift; path = DetailArticlePresenter.swift; sourceTree = "<group>"; };
		0ED3BCF92581E9F3008AF9FD /* DetailArticleRouter.swift */ = {isa = PBXFileReference; fileEncoding = 4; lastKnownFileType = sourcecode.swift; path = DetailArticleRouter.swift; sourceTree = "<group>"; };
		0ED3BCFB2581E9F3008AF9FD /* ArticleView.swift */ = {isa = PBXFileReference; fileEncoding = 4; lastKnownFileType = sourcecode.swift; path = ArticleView.swift; sourceTree = "<group>"; };
		0ED3BCFC2581E9F3008AF9FD /* ArticleVC.xib */ = {isa = PBXFileReference; fileEncoding = 4; lastKnownFileType = file.xib; path = ArticleVC.xib; sourceTree = "<group>"; };
		0ED3BCFD2581E9F3008AF9FD /* ArticleVC.swift */ = {isa = PBXFileReference; fileEncoding = 4; lastKnownFileType = sourcecode.swift; path = ArticleVC.swift; sourceTree = "<group>"; };
		0ED3BD002581E9F3008AF9FD /* ListSourceRouter.swift */ = {isa = PBXFileReference; fileEncoding = 4; lastKnownFileType = sourcecode.swift; path = ListSourceRouter.swift; sourceTree = "<group>"; };
		0ED3BD012581E9F3008AF9FD /* ListSourceInteractor.swift */ = {isa = PBXFileReference; fileEncoding = 4; lastKnownFileType = sourcecode.swift; path = ListSourceInteractor.swift; sourceTree = "<group>"; };
		0ED3BD022581E9F3008AF9FD /* ListSourcePresenter.swift */ = {isa = PBXFileReference; fileEncoding = 4; lastKnownFileType = sourcecode.swift; path = ListSourcePresenter.swift; sourceTree = "<group>"; };
		0ED3BD042581E9F3008AF9FD /* ListSourceView.swift */ = {isa = PBXFileReference; fileEncoding = 4; lastKnownFileType = sourcecode.swift; path = ListSourceView.swift; sourceTree = "<group>"; };
		0ED3BD052581E9F3008AF9FD /* ListSourceVC.xib */ = {isa = PBXFileReference; fileEncoding = 4; lastKnownFileType = file.xib; path = ListSourceVC.xib; sourceTree = "<group>"; };
		0ED3BD062581E9F3008AF9FD /* ListSourceVC.swift */ = {isa = PBXFileReference; fileEncoding = 4; lastKnownFileType = sourcecode.swift; path = ListSourceVC.swift; sourceTree = "<group>"; };
		0ED3BD092581E9F3008AF9FD /* ListArticleInteractor.swift */ = {isa = PBXFileReference; fileEncoding = 4; lastKnownFileType = sourcecode.swift; path = ListArticleInteractor.swift; sourceTree = "<group>"; };
		0ED3BD0A2581E9F3008AF9FD /* ListArticleRouter.swift */ = {isa = PBXFileReference; fileEncoding = 4; lastKnownFileType = sourcecode.swift; path = ListArticleRouter.swift; sourceTree = "<group>"; };
		0ED3BD0B2581E9F3008AF9FD /* ListArticlePresenter.swift */ = {isa = PBXFileReference; fileEncoding = 4; lastKnownFileType = sourcecode.swift; path = ListArticlePresenter.swift; sourceTree = "<group>"; };
		0ED3BD0D2581E9F3008AF9FD /* ListArticleVC.xib */ = {isa = PBXFileReference; fileEncoding = 4; lastKnownFileType = file.xib; path = ListArticleVC.xib; sourceTree = "<group>"; };
		0ED3BD0E2581E9F3008AF9FD /* ListArticleVC.swift */ = {isa = PBXFileReference; fileEncoding = 4; lastKnownFileType = sourcecode.swift; path = ListArticleVC.swift; sourceTree = "<group>"; };
		0ED3BD0F2581E9F3008AF9FD /* ListArticleView.swift */ = {isa = PBXFileReference; fileEncoding = 4; lastKnownFileType = sourcecode.swift; path = ListArticleView.swift; sourceTree = "<group>"; };
		0ED3BD122581E9F3008AF9FD /* ListCategoryPresenter.swift */ = {isa = PBXFileReference; fileEncoding = 4; lastKnownFileType = sourcecode.swift; path = ListCategoryPresenter.swift; sourceTree = "<group>"; };
		0ED3BD132581E9F3008AF9FD /* ListCategoryInteractor.swift */ = {isa = PBXFileReference; fileEncoding = 4; lastKnownFileType = sourcecode.swift; path = ListCategoryInteractor.swift; sourceTree = "<group>"; };
		0ED3BD142581E9F3008AF9FD /* ListCategoryRouter.swift */ = {isa = PBXFileReference; fileEncoding = 4; lastKnownFileType = sourcecode.swift; path = ListCategoryRouter.swift; sourceTree = "<group>"; };
		0ED3BD162581E9F3008AF9FD /* ListCategoryView.swift */ = {isa = PBXFileReference; fileEncoding = 4; lastKnownFileType = sourcecode.swift; path = ListCategoryView.swift; sourceTree = "<group>"; };
		0ED3BD172581E9F3008AF9FD /* ListCategoryVC.xib */ = {isa = PBXFileReference; fileEncoding = 4; lastKnownFileType = file.xib; path = ListCategoryVC.xib; sourceTree = "<group>"; };
		0ED3BD182581E9F3008AF9FD /* ListCategoryVC.swift */ = {isa = PBXFileReference; fileEncoding = 4; lastKnownFileType = sourcecode.swift; path = ListCategoryVC.swift; sourceTree = "<group>"; };
		0ED3BD4D2581EA06008AF9FD /* DataModuleFactory.swift */ = {isa = PBXFileReference; fileEncoding = 4; lastKnownFileType = sourcecode.swift; path = DataModuleFactory.swift; sourceTree = "<group>"; };
		0ED3BD4E2581EA06008AF9FD /* ModuleFactoryImpl.swift */ = {isa = PBXFileReference; fileEncoding = 4; lastKnownFileType = sourcecode.swift; path = ModuleFactoryImpl.swift; sourceTree = "<group>"; };
		0ED3BD502581EA06008AF9FD /* PreferenceKey.swift */ = {isa = PBXFileReference; fileEncoding = 4; lastKnownFileType = sourcecode.swift; path = PreferenceKey.swift; sourceTree = "<group>"; };
		0ED3BD522581EA06008AF9FD /* CurrencyFormatter.swift */ = {isa = PBXFileReference; fileEncoding = 4; lastKnownFileType = sourcecode.swift; path = CurrencyFormatter.swift; sourceTree = "<group>"; };
		0ED3BD532581EA06008AF9FD /* DateFormatter.swift */ = {isa = PBXFileReference; fileEncoding = 4; lastKnownFileType = sourcecode.swift; path = DateFormatter.swift; sourceTree = "<group>"; };
		0ED3BD552581EA06008AF9FD /* UIViewController+Extensions.swift */ = {isa = PBXFileReference; fileEncoding = 4; lastKnownFileType = sourcecode.swift; path = "UIViewController+Extensions.swift"; sourceTree = "<group>"; };
		0ED3BD562581EA06008AF9FD /* UIView+Extensions.swift */ = {isa = PBXFileReference; fileEncoding = 4; lastKnownFileType = sourcecode.swift; path = "UIView+Extensions.swift"; sourceTree = "<group>"; };
		0ED3BD572581EA06008AF9FD /* String+Extensions.swift */ = {isa = PBXFileReference; fileEncoding = 4; lastKnownFileType = sourcecode.swift; path = "String+Extensions.swift"; sourceTree = "<group>"; };
		0ED3BD582581EA06008AF9FD /* WKWebView+Extensions.swift */ = {isa = PBXFileReference; fileEncoding = 4; lastKnownFileType = sourcecode.swift; path = "WKWebView+Extensions.swift"; sourceTree = "<group>"; };
		0ED3BD592581EA06008AF9FD /* NSObject+Extensions.swift */ = {isa = PBXFileReference; fileEncoding = 4; lastKnownFileType = sourcecode.swift; path = "NSObject+Extensions.swift"; sourceTree = "<group>"; };
		0ED3BD5A2581EA06008AF9FD /* Animator.swift */ = {isa = PBXFileReference; fileEncoding = 4; lastKnownFileType = sourcecode.swift; path = Animator.swift; sourceTree = "<group>"; };
		0ED3BD5B2581EA06008AF9FD /* ScheduleProvider.swift */ = {isa = PBXFileReference; fileEncoding = 4; lastKnownFileType = sourcecode.swift; path = ScheduleProvider.swift; sourceTree = "<group>"; };
		0ED3BD5D2581EA06008AF9FD /* Interactorable.swift */ = {isa = PBXFileReference; fileEncoding = 4; lastKnownFileType = sourcecode.swift; path = Interactorable.swift; sourceTree = "<group>"; };
		0ED3BD5E2581EA06008AF9FD /* Presenterable.swift */ = {isa = PBXFileReference; fileEncoding = 4; lastKnownFileType = sourcecode.swift; path = Presenterable.swift; sourceTree = "<group>"; };
		0ED3BD5F2581EA06008AF9FD /* Routerable.swift */ = {isa = PBXFileReference; fileEncoding = 4; lastKnownFileType = sourcecode.swift; path = Routerable.swift; sourceTree = "<group>"; };
		0ED3BD602581EA06008AF9FD /* Viewable.swift */ = {isa = PBXFileReference; fileEncoding = 4; lastKnownFileType = sourcecode.swift; path = Viewable.swift; sourceTree = "<group>"; };
		0ED3BD612581EA06008AF9FD /* AnimationFactory.swift */ = {isa = PBXFileReference; fileEncoding = 4; lastKnownFileType = sourcecode.swift; path = AnimationFactory.swift; sourceTree = "<group>"; };
		0ED3BD852581EB97008AF9FD /* CreateEmployeeResponse.swift */ = {isa = PBXFileReference; lastKnownFileType = sourcecode.swift; path = CreateEmployeeResponse.swift; sourceTree = "<group>"; };
		0ED3BD8A2581EBA4008AF9FD /* CreateEmployeeRequest.swift */ = {isa = PBXFileReference; lastKnownFileType = sourcecode.swift; path = CreateEmployeeRequest.swift; sourceTree = "<group>"; };
		0ED3BD8F2581EBB6008AF9FD /* ReadEmployeeResponse.swift */ = {isa = PBXFileReference; lastKnownFileType = sourcecode.swift; path = ReadEmployeeResponse.swift; sourceTree = "<group>"; };
		0ED3BD942581EBE3008AF9FD /* CreateEmployeeAPIService.swift */ = {isa = PBXFileReference; lastKnownFileType = sourcecode.swift; path = CreateEmployeeAPIService.swift; sourceTree = "<group>"; };
		0ED3BDA42581ED7F008AF9FD /* ReadEmployeeAPIService.swift */ = {isa = PBXFileReference; lastKnownFileType = sourcecode.swift; path = ReadEmployeeAPIService.swift; sourceTree = "<group>"; };
		0ED3BDA92581EE3F008AF9FD /* UpdateEmployeeAPIService.swift */ = {isa = PBXFileReference; lastKnownFileType = sourcecode.swift; path = UpdateEmployeeAPIService.swift; sourceTree = "<group>"; };
		0ED3BDAE2581EEAE008AF9FD /* DeleteEmployeeAPIService.swift */ = {isa = PBXFileReference; lastKnownFileType = sourcecode.swift; path = DeleteEmployeeAPIService.swift; sourceTree = "<group>"; };
		0ED3BDB52581EF46008AF9FD /* CreateEmployeeVC.swift */ = {isa = PBXFileReference; lastKnownFileType = sourcecode.swift; path = CreateEmployeeVC.swift; sourceTree = "<group>"; };
		0ED3BDB62581EF46008AF9FD /* CreateEmployeeVC.xib */ = {isa = PBXFileReference; lastKnownFileType = file.xib; path = CreateEmployeeVC.xib; sourceTree = "<group>"; };
		0ED3BDBE2581F271008AF9FD /* CreateEmployeeInteractor.swift */ = {isa = PBXFileReference; lastKnownFileType = sourcecode.swift; path = CreateEmployeeInteractor.swift; sourceTree = "<group>"; };
		0ED3BDC32581F280008AF9FD /* CreateEmployeeView.swift */ = {isa = PBXFileReference; lastKnownFileType = sourcecode.swift; path = CreateEmployeeView.swift; sourceTree = "<group>"; };
		0ED3BDC82581F28A008AF9FD /* CreateEmployeePresenter.swift */ = {isa = PBXFileReference; lastKnownFileType = sourcecode.swift; path = CreateEmployeePresenter.swift; sourceTree = "<group>"; };
		0ED3BDCD2581F292008AF9FD /* CreateEmployeeRouter.swift */ = {isa = PBXFileReference; lastKnownFileType = sourcecode.swift; path = CreateEmployeeRouter.swift; sourceTree = "<group>"; };
		111CB53C204096860D0A24AA /* Pods-Commonwealth Project.release.xcconfig */ = {isa = PBXFileReference; includeInIndex = 1; lastKnownFileType = text.xcconfig; name = "Pods-Commonwealth Project.release.xcconfig"; path = "Target Support Files/Pods-Commonwealth Project/Pods-Commonwealth Project.release.xcconfig"; sourceTree = "<group>"; };
		1E6579667E99E07BA523589A /* Pods_Commonwealth_Project.framework */ = {isa = PBXFileReference; explicitFileType = wrapper.framework; includeInIndex = 0; path = Pods_Commonwealth_Project.framework; sourceTree = BUILT_PRODUCTS_DIR; };
		4DD5C33A5053F4475B1913D1 /* Pods-Commonwealth ProjectTests.release.xcconfig */ = {isa = PBXFileReference; includeInIndex = 1; lastKnownFileType = text.xcconfig; name = "Pods-Commonwealth ProjectTests.release.xcconfig"; path = "Target Support Files/Pods-Commonwealth ProjectTests/Pods-Commonwealth ProjectTests.release.xcconfig"; sourceTree = "<group>"; };
		4E24E2D3200D100653454DE5 /* Pods-Commonwealth Project-Commonwealth ProjectUITests.debug.xcconfig */ = {isa = PBXFileReference; includeInIndex = 1; lastKnownFileType = text.xcconfig; name = "Pods-Commonwealth Project-Commonwealth ProjectUITests.debug.xcconfig"; path = "Target Support Files/Pods-Commonwealth Project-Commonwealth ProjectUITests/Pods-Commonwealth Project-Commonwealth ProjectUITests.debug.xcconfig"; sourceTree = "<group>"; };
		4EE604C88FD15F0CD635962D /* Pods-Commonwealth Project-Commonwealth ProjectUITests.release.xcconfig */ = {isa = PBXFileReference; includeInIndex = 1; lastKnownFileType = text.xcconfig; name = "Pods-Commonwealth Project-Commonwealth ProjectUITests.release.xcconfig"; path = "Target Support Files/Pods-Commonwealth Project-Commonwealth ProjectUITests/Pods-Commonwealth Project-Commonwealth ProjectUITests.release.xcconfig"; sourceTree = "<group>"; };
		629B081E9854A8A850600E76 /* Pods-Commonwealth Project.debug.xcconfig */ = {isa = PBXFileReference; includeInIndex = 1; lastKnownFileType = text.xcconfig; name = "Pods-Commonwealth Project.debug.xcconfig"; path = "Target Support Files/Pods-Commonwealth Project/Pods-Commonwealth Project.debug.xcconfig"; sourceTree = "<group>"; };
		7F8F4DCC69B0914BF1A6F680 /* Pods_Commonwealth_ProjectTests.framework */ = {isa = PBXFileReference; explicitFileType = wrapper.framework; includeInIndex = 0; path = Pods_Commonwealth_ProjectTests.framework; sourceTree = BUILT_PRODUCTS_DIR; };
		D4A32562310142B3387DA219 /* Pods-Commonwealth ProjectTests.debug.xcconfig */ = {isa = PBXFileReference; includeInIndex = 1; lastKnownFileType = text.xcconfig; name = "Pods-Commonwealth ProjectTests.debug.xcconfig"; path = "Target Support Files/Pods-Commonwealth ProjectTests/Pods-Commonwealth ProjectTests.debug.xcconfig"; sourceTree = "<group>"; };
/* End PBXFileReference section */

/* Begin PBXFrameworksBuildPhase section */
		0E5DB5582581E8E500397EB2 /* Frameworks */ = {
			isa = PBXFrameworksBuildPhase;
			buildActionMask = 2147483647;
			files = (
				55C099809D5243FA4E1D9CF6 /* Pods_Commonwealth_Project.framework in Frameworks */,
			);
			runOnlyForDeploymentPostprocessing = 0;
		};
		0E5DB5712581E8E900397EB2 /* Frameworks */ = {
			isa = PBXFrameworksBuildPhase;
			buildActionMask = 2147483647;
			files = (
				65B5236F996BE399FC60E33E /* Pods_Commonwealth_ProjectTests.framework in Frameworks */,
			);
			runOnlyForDeploymentPostprocessing = 0;
		};
		0E5DB57C2581E8E900397EB2 /* Frameworks */ = {
			isa = PBXFrameworksBuildPhase;
			buildActionMask = 2147483647;
			files = (
				F06FFC1F8A94A4CC37D61A7F /* Pods_Commonwealth_Project_Commonwealth_ProjectUITests.framework in Frameworks */,
			);
			runOnlyForDeploymentPostprocessing = 0;
		};
/* End PBXFrameworksBuildPhase section */

/* Begin PBXGroup section */
		0E5DB5522581E8E500397EB2 = {
			isa = PBXGroup;
			children = (
				0E5DB55D2581E8E500397EB2 /* Commonwealth Project */,
				0E5DB5772581E8E900397EB2 /* Commonwealth ProjectTests */,
				0E5DB5822581E8E900397EB2 /* Commonwealth ProjectUITests */,
				0E5DB55C2581E8E500397EB2 /* Products */,
				BC036AFAECE09A32D91D5C98 /* Pods */,
				2CE9CC03138EFAE7C1F2DA24 /* Frameworks */,
			);
			sourceTree = "<group>";
		};
		0E5DB55C2581E8E500397EB2 /* Products */ = {
			isa = PBXGroup;
			children = (
				0E5DB55B2581E8E500397EB2 /* Commonwealth Project.app */,
				0E5DB5742581E8E900397EB2 /* Commonwealth ProjectTests.xctest */,
				0E5DB57F2581E8E900397EB2 /* Commonwealth ProjectUITests.xctest */,
			);
			name = Products;
			sourceTree = "<group>";
		};
		0E5DB55D2581E8E500397EB2 /* Commonwealth Project */ = {
			isa = PBXGroup;
			children = (
				0ED3BD4F2581EA06008AF9FD /* Helper */,
				0ED3BD482581EA06008AF9FD /* Orchestrator */,
				0ED3BCD32581E9F3008AF9FD /* Flow */,
				0ED3BC9F2581E9EB008AF9FD /* API */,
				0E5DB5642581E8E500397EB2 /* Main.storyboard */,
				0E5DB56A2581E8E800397EB2 /* Assets.xcassets */,
				0E5DB56C2581E8E800397EB2 /* LaunchScreen.storyboard */,
				0E5DB56F2581E8E800397EB2 /* Info.plist */,
				0E5DB5672581E8E500397EB2 /* Commonwealth_Project.xcdatamodeld */,
			);
			path = "Commonwealth Project";
			sourceTree = "<group>";
		};
		0E5DB5772581E8E900397EB2 /* Commonwealth ProjectTests */ = {
			isa = PBXGroup;
			children = (
				0E5DB5782581E8E900397EB2 /* Commonwealth_ProjectTests.swift */,
				0E5DB57A2581E8E900397EB2 /* Info.plist */,
			);
			path = "Commonwealth ProjectTests";
			sourceTree = "<group>";
		};
		0E5DB5822581E8E900397EB2 /* Commonwealth ProjectUITests */ = {
			isa = PBXGroup;
			children = (
				0E5DB5832581E8E900397EB2 /* Commonwealth_ProjectUITests.swift */,
				0E5DB5852581E8E900397EB2 /* Info.plist */,
			);
			path = "Commonwealth ProjectUITests";
			sourceTree = "<group>";
		};
		0ED3BC9F2581E9EB008AF9FD /* API */ = {
			isa = PBXGroup;
			children = (
				0ED3BCA02581E9EB008AF9FD /* Implementation */,
				0ED3BCB22581E9EB008AF9FD /* Base */,
			);
			path = API;
			sourceTree = "<group>";
		};
		0ED3BCA02581E9EB008AF9FD /* Implementation */ = {
			isa = PBXGroup;
			children = (
				0ED3BD802581EB50008AF9FD /* Employee */,
				0ED3BCA12581E9EB008AF9FD /* List of Medications */,
				0ED3BCA42581E9EB008AF9FD /* Medication Detail */,
				0ED3BCA82581E9EB008AF9FD /* Source */,
				0ED3BCAD2581E9EB008AF9FD /* Headline */,
			);
			path = Implementation;
			sourceTree = "<group>";
		};
		0ED3BCA12581E9EB008AF9FD /* List of Medications */ = {
			isa = PBXGroup;
			children = (
				0ED3BCA22581E9EB008AF9FD /* ListOfMedicationAPIService.swift */,
				0ED3BCA32581E9EB008AF9FD /* ListOfMedicationResponse.swift */,
			);
			path = "List of Medications";
			sourceTree = "<group>";
		};
		0ED3BCA42581E9EB008AF9FD /* Medication Detail */ = {
			isa = PBXGroup;
			children = (
				0ED3BCA52581E9EB008AF9FD /* MedicationDetailQuery.swift */,
				0ED3BCA62581E9EB008AF9FD /* MedicationDetailResponse.swift */,
				0ED3BCA72581E9EB008AF9FD /* MedicationDetailAPIService.swift */,
			);
			path = "Medication Detail";
			sourceTree = "<group>";
		};
		0ED3BCA82581E9EB008AF9FD /* Source */ = {
			isa = PBXGroup;
			children = (
				0ED3BCA92581E9EB008AF9FD /* SourceAPI.swift */,
				0ED3BCAA2581E9EB008AF9FD /* SourceResponse.swift */,
				0ED3BCAB2581E9EB008AF9FD /* SourceAPIImpl.swift */,
				0ED3BCAC2581E9EB008AF9FD /* SourceBody.swift */,
			);
			path = Source;
			sourceTree = "<group>";
		};
		0ED3BCAD2581E9EB008AF9FD /* Headline */ = {
			isa = PBXGroup;
			children = (
				0ED3BCAE2581E9EB008AF9FD /* HeadlineResponse.swift */,
				0ED3BCAF2581E9EB008AF9FD /* HeadlineAPIImpl.swift */,
				0ED3BCB02581E9EB008AF9FD /* HeadlineAPI.swift */,
				0ED3BCB12581E9EB008AF9FD /* HeadlineBody.swift */,
			);
			path = Headline;
			sourceTree = "<group>";
		};
		0ED3BCB22581E9EB008AF9FD /* Base */ = {
			isa = PBXGroup;
			children = (
				0ED3BCB32581E9EB008AF9FD /* HTTPRequest.swift */,
				0ED3BCB42581E9EB008AF9FD /* HTTPMethod.swift */,
				0ED3BCB52581E9EB008AF9FD /* HTTPClient.swift */,
				0ED3BCB62581E9EB008AF9FD /* HTTPError.swift */,
				0ED3BCB72581E9EB008AF9FD /* HTTPReachability.swift */,
				0ED3BCB82581E9EB008AF9FD /* HTTPAuth.swift */,
				0ED3BCB92581E9EB008AF9FD /* HTTPClientImpl.swift */,
				0ED3BCBA2581E9EB008AF9FD /* HTTPInfo.swift */,
			);
			path = Base;
			sourceTree = "<group>";
		};
		0ED3BCD32581E9F3008AF9FD /* Flow */ = {
			isa = PBXGroup;
			children = (
				0ED3BDB32581EF18008AF9FD /* Employee */,
				0ED3BCD42581E9F3008AF9FD /* Order */,
				0ED3BCF42581E9F3008AF9FD /* Main */,
			);
			path = Flow;
			sourceTree = "<group>";
		};
		0ED3BCD42581E9F3008AF9FD /* Order */ = {
			isa = PBXGroup;
			children = (
				0ED3BCD52581E9F3008AF9FD /* Order List */,
				0ED3BCE12581E9F3008AF9FD /* Order Detail */,
			);
			path = Order;
			sourceTree = "<group>";
		};
		0ED3BCD52581E9F3008AF9FD /* Order List */ = {
			isa = PBXGroup;
			children = (
				0ED3BCD62581E9F3008AF9FD /* Cell */,
				0ED3BCD92581E9F3008AF9FD /* Viper */,
				0ED3BCDD2581E9F3008AF9FD /* View */,
			);
			path = "Order List";
			sourceTree = "<group>";
		};
		0ED3BCD62581E9F3008AF9FD /* Cell */ = {
			isa = PBXGroup;
			children = (
				0ED3BCD72581E9F3008AF9FD /* OrderListCell.swift */,
				0ED3BCD82581E9F3008AF9FD /* OrderListCell.xib */,
			);
			path = Cell;
			sourceTree = "<group>";
		};
		0ED3BCD92581E9F3008AF9FD /* Viper */ = {
			isa = PBXGroup;
			children = (
				0ED3BCDA2581E9F3008AF9FD /* ListOrderInteractor.swift */,
				0ED3BCDB2581E9F3008AF9FD /* ListOrderPresenter.swift */,
				0ED3BCDC2581E9F3008AF9FD /* ListOrderRouter.swift */,
			);
			path = Viper;
			sourceTree = "<group>";
		};
		0ED3BCDD2581E9F3008AF9FD /* View */ = {
			isa = PBXGroup;
			children = (
				0ED3BCDE2581E9F3008AF9FD /* ListOrderVC.swift */,
				0ED3BCDF2581E9F3008AF9FD /* OrderListView.swift */,
				0ED3BCE02581E9F3008AF9FD /* ListOrderVC.xib */,
			);
			path = View;
			sourceTree = "<group>";
		};
		0ED3BCE12581E9F3008AF9FD /* Order Detail */ = {
			isa = PBXGroup;
			children = (
				0ED3BCE22581E9F3008AF9FD /* Cell */,
				0ED3BCEC2581E9F3008AF9FD /* Viper */,
				0ED3BCF02581E9F3008AF9FD /* View */,
			);
			path = "Order Detail";
			sourceTree = "<group>";
		};
		0ED3BCE22581E9F3008AF9FD /* Cell */ = {
			isa = PBXGroup;
			children = (
				0ED3BCE32581E9F3008AF9FD /* OrderDetailStatusCell */,
				0ED3BCE62581E9F3008AF9FD /* OrderDetailCustomerCell */,
				0ED3BCE92581E9F3008AF9FD /* OrderDetailPrescriptionCell */,
			);
			path = Cell;
			sourceTree = "<group>";
		};
		0ED3BCE32581E9F3008AF9FD /* OrderDetailStatusCell */ = {
			isa = PBXGroup;
			children = (
				0ED3BCE42581E9F3008AF9FD /* OrderDetailStatusCell.xib */,
				0ED3BCE52581E9F3008AF9FD /* OrderDetailStatusCell.swift */,
			);
			path = OrderDetailStatusCell;
			sourceTree = "<group>";
		};
		0ED3BCE62581E9F3008AF9FD /* OrderDetailCustomerCell */ = {
			isa = PBXGroup;
			children = (
				0ED3BCE72581E9F3008AF9FD /* OrderDetailCustomerCell.xib */,
				0ED3BCE82581E9F3008AF9FD /* OrderDetailCustomerCell.swift */,
			);
			path = OrderDetailCustomerCell;
			sourceTree = "<group>";
		};
		0ED3BCE92581E9F3008AF9FD /* OrderDetailPrescriptionCell */ = {
			isa = PBXGroup;
			children = (
				0ED3BCEA2581E9F3008AF9FD /* OrderDetailPrescriptionCell.xib */,
				0ED3BCEB2581E9F3008AF9FD /* OrderDetailPrescriptionCell.swift */,
			);
			path = OrderDetailPrescriptionCell;
			sourceTree = "<group>";
		};
		0ED3BCEC2581E9F3008AF9FD /* Viper */ = {
			isa = PBXGroup;
			children = (
				0ED3BCED2581E9F3008AF9FD /* OrderDetailPresenter.swift */,
				0ED3BCEE2581E9F3008AF9FD /* OrderDetailInteractor.swift */,
				0ED3BCEF2581E9F3008AF9FD /* OrderDetailRouter.swift */,
			);
			path = Viper;
			sourceTree = "<group>";
		};
		0ED3BCF02581E9F3008AF9FD /* View */ = {
			isa = PBXGroup;
			children = (
				0ED3BCF12581E9F3008AF9FD /* OrderDetailVC.xib */,
				0ED3BCF22581E9F3008AF9FD /* OrderDetailVC.swift */,
				0ED3BCF32581E9F3008AF9FD /* OrderDetailView.swift */,
			);
			path = View;
			sourceTree = "<group>";
		};
		0ED3BCF42581E9F3008AF9FD /* Main */ = {
			isa = PBXGroup;
			children = (
				0ED3BCF52581E9F3008AF9FD /* Detail Article */,
				0ED3BCFE2581E9F3008AF9FD /* List Source */,
				0ED3BD072581E9F3008AF9FD /* List Article */,
				0ED3BD102581E9F3008AF9FD /* List Category */,
			);
			path = Main;
			sourceTree = "<group>";
		};
		0ED3BCF52581E9F3008AF9FD /* Detail Article */ = {
			isa = PBXGroup;
			children = (
				0ED3BCF62581E9F3008AF9FD /* Viper */,
				0ED3BCFA2581E9F3008AF9FD /* View */,
			);
			path = "Detail Article";
			sourceTree = "<group>";
		};
		0ED3BCF62581E9F3008AF9FD /* Viper */ = {
			isa = PBXGroup;
			children = (
				0ED3BCF72581E9F3008AF9FD /* DetailArticleInteractor.swift */,
				0ED3BCF82581E9F3008AF9FD /* DetailArticlePresenter.swift */,
				0ED3BCF92581E9F3008AF9FD /* DetailArticleRouter.swift */,
			);
			path = Viper;
			sourceTree = "<group>";
		};
		0ED3BCFA2581E9F3008AF9FD /* View */ = {
			isa = PBXGroup;
			children = (
				0ED3BCFB2581E9F3008AF9FD /* ArticleView.swift */,
				0ED3BCFC2581E9F3008AF9FD /* ArticleVC.xib */,
				0ED3BCFD2581E9F3008AF9FD /* ArticleVC.swift */,
			);
			path = View;
			sourceTree = "<group>";
		};
		0ED3BCFE2581E9F3008AF9FD /* List Source */ = {
			isa = PBXGroup;
			children = (
				0ED3BCFF2581E9F3008AF9FD /* Viper */,
				0ED3BD032581E9F3008AF9FD /* View */,
			);
			path = "List Source";
			sourceTree = "<group>";
		};
		0ED3BCFF2581E9F3008AF9FD /* Viper */ = {
			isa = PBXGroup;
			children = (
				0ED3BD002581E9F3008AF9FD /* ListSourceRouter.swift */,
				0ED3BD012581E9F3008AF9FD /* ListSourceInteractor.swift */,
				0ED3BD022581E9F3008AF9FD /* ListSourcePresenter.swift */,
			);
			path = Viper;
			sourceTree = "<group>";
		};
		0ED3BD032581E9F3008AF9FD /* View */ = {
			isa = PBXGroup;
			children = (
				0ED3BD042581E9F3008AF9FD /* ListSourceView.swift */,
				0ED3BD052581E9F3008AF9FD /* ListSourceVC.xib */,
				0ED3BD062581E9F3008AF9FD /* ListSourceVC.swift */,
			);
			path = View;
			sourceTree = "<group>";
		};
		0ED3BD072581E9F3008AF9FD /* List Article */ = {
			isa = PBXGroup;
			children = (
				0ED3BD082581E9F3008AF9FD /* Viper */,
				0ED3BD0C2581E9F3008AF9FD /* View */,
			);
			path = "List Article";
			sourceTree = "<group>";
		};
		0ED3BD082581E9F3008AF9FD /* Viper */ = {
			isa = PBXGroup;
			children = (
				0ED3BD092581E9F3008AF9FD /* ListArticleInteractor.swift */,
				0ED3BD0A2581E9F3008AF9FD /* ListArticleRouter.swift */,
				0ED3BD0B2581E9F3008AF9FD /* ListArticlePresenter.swift */,
			);
			path = Viper;
			sourceTree = "<group>";
		};
		0ED3BD0C2581E9F3008AF9FD /* View */ = {
			isa = PBXGroup;
			children = (
				0ED3BD0D2581E9F3008AF9FD /* ListArticleVC.xib */,
				0ED3BD0E2581E9F3008AF9FD /* ListArticleVC.swift */,
				0ED3BD0F2581E9F3008AF9FD /* ListArticleView.swift */,
			);
			path = View;
			sourceTree = "<group>";
		};
		0ED3BD102581E9F3008AF9FD /* List Category */ = {
			isa = PBXGroup;
			children = (
				0ED3BD112581E9F3008AF9FD /* Viper */,
				0ED3BD152581E9F3008AF9FD /* View */,
			);
			path = "List Category";
			sourceTree = "<group>";
		};
		0ED3BD112581E9F3008AF9FD /* Viper */ = {
			isa = PBXGroup;
			children = (
				0ED3BD122581E9F3008AF9FD /* ListCategoryPresenter.swift */,
				0ED3BD132581E9F3008AF9FD /* ListCategoryInteractor.swift */,
				0ED3BD142581E9F3008AF9FD /* ListCategoryRouter.swift */,
			);
			path = Viper;
			sourceTree = "<group>";
		};
		0ED3BD152581E9F3008AF9FD /* View */ = {
			isa = PBXGroup;
			children = (
				0ED3BD162581E9F3008AF9FD /* ListCategoryView.swift */,
				0ED3BD172581E9F3008AF9FD /* ListCategoryVC.xib */,
				0ED3BD182581E9F3008AF9FD /* ListCategoryVC.swift */,
			);
			path = View;
			sourceTree = "<group>";
		};
		0ED3BD482581EA06008AF9FD /* Orchestrator */ = {
			isa = PBXGroup;
			children = (
				0ED3BD492581EA06008AF9FD /* Coordinator */,
				0ED3BD4B2581EA06008AF9FD /* Factory */,
			);
			path = Orchestrator;
			sourceTree = "<group>";
		};
		0ED3BD492581EA06008AF9FD /* Coordinator */ = {
			isa = PBXGroup;
			children = (
				0E5DB55E2581E8E500397EB2 /* AppDelegate.swift */,
			);
			path = Coordinator;
			sourceTree = "<group>";
		};
		0ED3BD4B2581EA06008AF9FD /* Factory */ = {
			isa = PBXGroup;
			children = (
				0ED3BD4C2581EA06008AF9FD /* Data Source */,
			);
			path = Factory;
			sourceTree = "<group>";
		};
		0ED3BD4C2581EA06008AF9FD /* Data Source */ = {
			isa = PBXGroup;
			children = (
				0ED3BD4D2581EA06008AF9FD /* DataModuleFactory.swift */,
				0ED3BD4E2581EA06008AF9FD /* ModuleFactoryImpl.swift */,
			);
			path = "Data Source";
			sourceTree = "<group>";
		};
		0ED3BD4F2581EA06008AF9FD /* Helper */ = {
			isa = PBXGroup;
			children = (
				0ED3BD502581EA06008AF9FD /* PreferenceKey.swift */,
				0ED3BD512581EA06008AF9FD /* Utils */,
				0ED3BD542581EA06008AF9FD /* Extensions */,
				0ED3BD5A2581EA06008AF9FD /* Animator.swift */,
				0ED3BD5B2581EA06008AF9FD /* ScheduleProvider.swift */,
				0ED3BD5C2581EA06008AF9FD /* Viper */,
				0ED3BD612581EA06008AF9FD /* AnimationFactory.swift */,
			);
			path = Helper;
			sourceTree = "<group>";
		};
		0ED3BD512581EA06008AF9FD /* Utils */ = {
			isa = PBXGroup;
			children = (
				0ED3BD522581EA06008AF9FD /* CurrencyFormatter.swift */,
				0ED3BD532581EA06008AF9FD /* DateFormatter.swift */,
			);
			path = Utils;
			sourceTree = "<group>";
		};
		0ED3BD542581EA06008AF9FD /* Extensions */ = {
			isa = PBXGroup;
			children = (
				0ED3BD552581EA06008AF9FD /* UIViewController+Extensions.swift */,
				0ED3BD562581EA06008AF9FD /* UIView+Extensions.swift */,
				0ED3BD572581EA06008AF9FD /* String+Extensions.swift */,
				0ED3BD582581EA06008AF9FD /* WKWebView+Extensions.swift */,
				0ED3BD592581EA06008AF9FD /* NSObject+Extensions.swift */,
			);
			path = Extensions;
			sourceTree = "<group>";
		};
		0ED3BD5C2581EA06008AF9FD /* Viper */ = {
			isa = PBXGroup;
			children = (
				0ED3BD5D2581EA06008AF9FD /* Interactorable.swift */,
				0ED3BD5E2581EA06008AF9FD /* Presenterable.swift */,
				0ED3BD5F2581EA06008AF9FD /* Routerable.swift */,
				0ED3BD602581EA06008AF9FD /* Viewable.swift */,
			);
			path = Viper;
			sourceTree = "<group>";
		};
		0ED3BD802581EB50008AF9FD /* Employee */ = {
			isa = PBXGroup;
			children = (
				0ED3BD842581EB72008AF9FD /* Delete */,
				0ED3BD832581EB69008AF9FD /* Update */,
				0ED3BD822581EB62008AF9FD /* Read */,
				0ED3BD812581EB5A008AF9FD /* Create */,
			);
			path = Employee;
			sourceTree = "<group>";
		};
		0ED3BD812581EB5A008AF9FD /* Create */ = {
			isa = PBXGroup;
			children = (
				0ED3BD852581EB97008AF9FD /* CreateEmployeeResponse.swift */,
				0ED3BD8A2581EBA4008AF9FD /* CreateEmployeeRequest.swift */,
				0ED3BD942581EBE3008AF9FD /* CreateEmployeeAPIService.swift */,
			);
			path = Create;
			sourceTree = "<group>";
		};
		0ED3BD822581EB62008AF9FD /* Read */ = {
			isa = PBXGroup;
			children = (
				0ED3BD8F2581EBB6008AF9FD /* ReadEmployeeResponse.swift */,
				0ED3BDA42581ED7F008AF9FD /* ReadEmployeeAPIService.swift */,
			);
			path = Read;
			sourceTree = "<group>";
		};
		0ED3BD832581EB69008AF9FD /* Update */ = {
			isa = PBXGroup;
			children = (
				0ED3BDA92581EE3F008AF9FD /* UpdateEmployeeAPIService.swift */,
			);
			path = Update;
			sourceTree = "<group>";
		};
		0ED3BD842581EB72008AF9FD /* Delete */ = {
			isa = PBXGroup;
			children = (
				0ED3BDAE2581EEAE008AF9FD /* DeleteEmployeeAPIService.swift */,
			);
			path = Delete;
			sourceTree = "<group>";
		};
		0ED3BDB32581EF18008AF9FD /* Employee */ = {
			isa = PBXGroup;
			children = (
				0ED3BDB42581EF34008AF9FD /* Create Employee */,
			);
			path = Employee;
			sourceTree = "<group>";
		};
		0ED3BDB42581EF34008AF9FD /* Create Employee */ = {
			isa = PBXGroup;
			children = (
				0ED3BDBD2581F235008AF9FD /* Viper */,
				0ED3BDBC2581F22D008AF9FD /* View */,
			);
			path = "Create Employee";
			sourceTree = "<group>";
		};
		0ED3BDBC2581F22D008AF9FD /* View */ = {
			isa = PBXGroup;
			children = (
				0ED3BDB52581EF46008AF9FD /* CreateEmployeeVC.swift */,
				0ED3BDB62581EF46008AF9FD /* CreateEmployeeVC.xib */,
				0ED3BDC32581F280008AF9FD /* CreateEmployeeView.swift */,
			);
			path = View;
			sourceTree = "<group>";
		};
		0ED3BDBD2581F235008AF9FD /* Viper */ = {
			isa = PBXGroup;
			children = (
				0ED3BDBE2581F271008AF9FD /* CreateEmployeeInteractor.swift */,
				0ED3BDC82581F28A008AF9FD /* CreateEmployeePresenter.swift */,
				0ED3BDCD2581F292008AF9FD /* CreateEmployeeRouter.swift */,
			);
			path = Viper;
			sourceTree = "<group>";
		};
		2CE9CC03138EFAE7C1F2DA24 /* Frameworks */ = {
			isa = PBXGroup;
			children = (
				1E6579667E99E07BA523589A /* Pods_Commonwealth_Project.framework */,
				0BE02E88D7C5B02BFFE830D8 /* Pods_Commonwealth_Project_Commonwealth_ProjectUITests.framework */,
				7F8F4DCC69B0914BF1A6F680 /* Pods_Commonwealth_ProjectTests.framework */,
			);
			name = Frameworks;
			sourceTree = "<group>";
		};
		BC036AFAECE09A32D91D5C98 /* Pods */ = {
			isa = PBXGroup;
			children = (
				629B081E9854A8A850600E76 /* Pods-Commonwealth Project.debug.xcconfig */,
				111CB53C204096860D0A24AA /* Pods-Commonwealth Project.release.xcconfig */,
				4E24E2D3200D100653454DE5 /* Pods-Commonwealth Project-Commonwealth ProjectUITests.debug.xcconfig */,
				4EE604C88FD15F0CD635962D /* Pods-Commonwealth Project-Commonwealth ProjectUITests.release.xcconfig */,
				D4A32562310142B3387DA219 /* Pods-Commonwealth ProjectTests.debug.xcconfig */,
				4DD5C33A5053F4475B1913D1 /* Pods-Commonwealth ProjectTests.release.xcconfig */,
			);
			path = Pods;
			sourceTree = "<group>";
		};
/* End PBXGroup section */

/* Begin PBXNativeTarget section */
		0E5DB55A2581E8E500397EB2 /* Commonwealth Project */ = {
			isa = PBXNativeTarget;
			buildConfigurationList = 0E5DB5882581E8E900397EB2 /* Build configuration list for PBXNativeTarget "Commonwealth Project" */;
			buildPhases = (
				22CC0BCDE511E90B5C37D018 /* [CP] Check Pods Manifest.lock */,
				0E5DB5572581E8E500397EB2 /* Sources */,
				0E5DB5582581E8E500397EB2 /* Frameworks */,
				0E5DB5592581E8E500397EB2 /* Resources */,
				954E105D06840D3EBAD5B0CC /* [CP] Embed Pods Frameworks */,
			);
			buildRules = (
			);
			dependencies = (
			);
			name = "Commonwealth Project";
			productName = "Commonwealth Project";
			productReference = 0E5DB55B2581E8E500397EB2 /* Commonwealth Project.app */;
			productType = "com.apple.product-type.application";
		};
		0E5DB5732581E8E900397EB2 /* Commonwealth ProjectTests */ = {
			isa = PBXNativeTarget;
			buildConfigurationList = 0E5DB58B2581E8E900397EB2 /* Build configuration list for PBXNativeTarget "Commonwealth ProjectTests" */;
			buildPhases = (
				5E6D05A8ABC44316E306C78A /* [CP] Check Pods Manifest.lock */,
				0E5DB5702581E8E900397EB2 /* Sources */,
				0E5DB5712581E8E900397EB2 /* Frameworks */,
				0E5DB5722581E8E900397EB2 /* Resources */,
			);
			buildRules = (
			);
			dependencies = (
				0E5DB5762581E8E900397EB2 /* PBXTargetDependency */,
			);
			name = "Commonwealth ProjectTests";
			productName = "Commonwealth ProjectTests";
			productReference = 0E5DB5742581E8E900397EB2 /* Commonwealth ProjectTests.xctest */;
			productType = "com.apple.product-type.bundle.unit-test";
		};
		0E5DB57E2581E8E900397EB2 /* Commonwealth ProjectUITests */ = {
			isa = PBXNativeTarget;
			buildConfigurationList = 0E5DB58E2581E8E900397EB2 /* Build configuration list for PBXNativeTarget "Commonwealth ProjectUITests" */;
			buildPhases = (
				4671F4DDDCDD8EE9E3112B7C /* [CP] Check Pods Manifest.lock */,
				0E5DB57B2581E8E900397EB2 /* Sources */,
				0E5DB57C2581E8E900397EB2 /* Frameworks */,
				0E5DB57D2581E8E900397EB2 /* Resources */,
				DA8D24749F570F3AB036206D /* [CP] Embed Pods Frameworks */,
			);
			buildRules = (
			);
			dependencies = (
				0E5DB5812581E8E900397EB2 /* PBXTargetDependency */,
			);
			name = "Commonwealth ProjectUITests";
			productName = "Commonwealth ProjectUITests";
			productReference = 0E5DB57F2581E8E900397EB2 /* Commonwealth ProjectUITests.xctest */;
			productType = "com.apple.product-type.bundle.ui-testing";
		};
/* End PBXNativeTarget section */

/* Begin PBXProject section */
		0E5DB5532581E8E500397EB2 /* Project object */ = {
			isa = PBXProject;
			attributes = {
				LastSwiftUpdateCheck = 1210;
				LastUpgradeCheck = 1210;
				TargetAttributes = {
					0E5DB55A2581E8E500397EB2 = {
						CreatedOnToolsVersion = 12.1;
					};
					0E5DB5732581E8E900397EB2 = {
						CreatedOnToolsVersion = 12.1;
						TestTargetID = 0E5DB55A2581E8E500397EB2;
					};
					0E5DB57E2581E8E900397EB2 = {
						CreatedOnToolsVersion = 12.1;
						TestTargetID = 0E5DB55A2581E8E500397EB2;
					};
				};
			};
			buildConfigurationList = 0E5DB5562581E8E500397EB2 /* Build configuration list for PBXProject "Commonwealth Project" */;
			compatibilityVersion = "Xcode 9.3";
			developmentRegion = en;
			hasScannedForEncodings = 0;
			knownRegions = (
				en,
				Base,
			);
			mainGroup = 0E5DB5522581E8E500397EB2;
			productRefGroup = 0E5DB55C2581E8E500397EB2 /* Products */;
			projectDirPath = "";
			projectRoot = "";
			targets = (
				0E5DB55A2581E8E500397EB2 /* Commonwealth Project */,
				0E5DB5732581E8E900397EB2 /* Commonwealth ProjectTests */,
				0E5DB57E2581E8E900397EB2 /* Commonwealth ProjectUITests */,
			);
		};
/* End PBXProject section */

/* Begin PBXResourcesBuildPhase section */
		0E5DB5592581E8E500397EB2 /* Resources */ = {
			isa = PBXResourcesBuildPhase;
			buildActionMask = 2147483647;
			files = (
				0ED3BD232581E9F3008AF9FD /* OrderDetailCustomerCell.xib in Resources */,
				0ED3BD372581E9F3008AF9FD /* ListSourceVC.xib in Resources */,
				0ED3BD252581E9F3008AF9FD /* OrderDetailPrescriptionCell.xib in Resources */,
				0E5DB56E2581E8E800397EB2 /* LaunchScreen.storyboard in Resources */,
				0ED3BD2A2581E9F3008AF9FD /* OrderDetailVC.xib in Resources */,
				0E5DB56B2581E8E800397EB2 /* Assets.xcassets in Resources */,
				0ED3BD1A2581E9F3008AF9FD /* OrderListCell.xib in Resources */,
				0ED3BD3C2581E9F3008AF9FD /* ListArticleVC.xib in Resources */,
				0E5DB5662581E8E500397EB2 /* Main.storyboard in Resources */,
				0ED3BD312581E9F3008AF9FD /* ArticleVC.xib in Resources */,
				0ED3BD202581E9F3008AF9FD /* ListOrderVC.xib in Resources */,
				0ED3BD432581E9F3008AF9FD /* ListCategoryVC.xib in Resources */,
				0ED3BDB82581EF46008AF9FD /* CreateEmployeeVC.xib in Resources */,
				0ED3BD212581E9F3008AF9FD /* OrderDetailStatusCell.xib in Resources */,
			);
			runOnlyForDeploymentPostprocessing = 0;
		};
		0E5DB5722581E8E900397EB2 /* Resources */ = {
			isa = PBXResourcesBuildPhase;
			buildActionMask = 2147483647;
			files = (
			);
			runOnlyForDeploymentPostprocessing = 0;
		};
		0E5DB57D2581E8E900397EB2 /* Resources */ = {
			isa = PBXResourcesBuildPhase;
			buildActionMask = 2147483647;
			files = (
			);
			runOnlyForDeploymentPostprocessing = 0;
		};
/* End PBXResourcesBuildPhase section */

/* Begin PBXShellScriptBuildPhase section */
		22CC0BCDE511E90B5C37D018 /* [CP] Check Pods Manifest.lock */ = {
			isa = PBXShellScriptBuildPhase;
			buildActionMask = 2147483647;
			files = (
			);
			inputFileListPaths = (
			);
			inputPaths = (
				"${PODS_PODFILE_DIR_PATH}/Podfile.lock",
				"${PODS_ROOT}/Manifest.lock",
			);
			name = "[CP] Check Pods Manifest.lock";
			outputFileListPaths = (
			);
			outputPaths = (
				"$(DERIVED_FILE_DIR)/Pods-Commonwealth Project-checkManifestLockResult.txt",
			);
			runOnlyForDeploymentPostprocessing = 0;
			shellPath = /bin/sh;
			shellScript = "diff \"${PODS_PODFILE_DIR_PATH}/Podfile.lock\" \"${PODS_ROOT}/Manifest.lock\" > /dev/null\nif [ $? != 0 ] ; then\n    # print error to STDERR\n    echo \"error: The sandbox is not in sync with the Podfile.lock. Run 'pod install' or update your CocoaPods installation.\" >&2\n    exit 1\nfi\n# This output is used by Xcode 'outputs' to avoid re-running this script phase.\necho \"SUCCESS\" > \"${SCRIPT_OUTPUT_FILE_0}\"\n";
			showEnvVarsInLog = 0;
		};
		4671F4DDDCDD8EE9E3112B7C /* [CP] Check Pods Manifest.lock */ = {
			isa = PBXShellScriptBuildPhase;
			buildActionMask = 2147483647;
			files = (
			);
			inputFileListPaths = (
			);
			inputPaths = (
				"${PODS_PODFILE_DIR_PATH}/Podfile.lock",
				"${PODS_ROOT}/Manifest.lock",
			);
			name = "[CP] Check Pods Manifest.lock";
			outputFileListPaths = (
			);
			outputPaths = (
				"$(DERIVED_FILE_DIR)/Pods-Commonwealth Project-Commonwealth ProjectUITests-checkManifestLockResult.txt",
			);
			runOnlyForDeploymentPostprocessing = 0;
			shellPath = /bin/sh;
			shellScript = "diff \"${PODS_PODFILE_DIR_PATH}/Podfile.lock\" \"${PODS_ROOT}/Manifest.lock\" > /dev/null\nif [ $? != 0 ] ; then\n    # print error to STDERR\n    echo \"error: The sandbox is not in sync with the Podfile.lock. Run 'pod install' or update your CocoaPods installation.\" >&2\n    exit 1\nfi\n# This output is used by Xcode 'outputs' to avoid re-running this script phase.\necho \"SUCCESS\" > \"${SCRIPT_OUTPUT_FILE_0}\"\n";
			showEnvVarsInLog = 0;
		};
		5E6D05A8ABC44316E306C78A /* [CP] Check Pods Manifest.lock */ = {
			isa = PBXShellScriptBuildPhase;
			buildActionMask = 2147483647;
			files = (
			);
			inputFileListPaths = (
			);
			inputPaths = (
				"${PODS_PODFILE_DIR_PATH}/Podfile.lock",
				"${PODS_ROOT}/Manifest.lock",
			);
			name = "[CP] Check Pods Manifest.lock";
			outputFileListPaths = (
			);
			outputPaths = (
				"$(DERIVED_FILE_DIR)/Pods-Commonwealth ProjectTests-checkManifestLockResult.txt",
			);
			runOnlyForDeploymentPostprocessing = 0;
			shellPath = /bin/sh;
			shellScript = "diff \"${PODS_PODFILE_DIR_PATH}/Podfile.lock\" \"${PODS_ROOT}/Manifest.lock\" > /dev/null\nif [ $? != 0 ] ; then\n    # print error to STDERR\n    echo \"error: The sandbox is not in sync with the Podfile.lock. Run 'pod install' or update your CocoaPods installation.\" >&2\n    exit 1\nfi\n# This output is used by Xcode 'outputs' to avoid re-running this script phase.\necho \"SUCCESS\" > \"${SCRIPT_OUTPUT_FILE_0}\"\n";
			showEnvVarsInLog = 0;
		};
		954E105D06840D3EBAD5B0CC /* [CP] Embed Pods Frameworks */ = {
			isa = PBXShellScriptBuildPhase;
			buildActionMask = 2147483647;
			files = (
			);
			inputFileListPaths = (
				"${PODS_ROOT}/Target Support Files/Pods-Commonwealth Project/Pods-Commonwealth Project-frameworks-${CONFIGURATION}-input-files.xcfilelist",
			);
			name = "[CP] Embed Pods Frameworks";
			outputFileListPaths = (
				"${PODS_ROOT}/Target Support Files/Pods-Commonwealth Project/Pods-Commonwealth Project-frameworks-${CONFIGURATION}-output-files.xcfilelist",
			);
			runOnlyForDeploymentPostprocessing = 0;
			shellPath = /bin/sh;
			shellScript = "\"${PODS_ROOT}/Target Support Files/Pods-Commonwealth Project/Pods-Commonwealth Project-frameworks.sh\"\n";
			showEnvVarsInLog = 0;
		};
		DA8D24749F570F3AB036206D /* [CP] Embed Pods Frameworks */ = {
			isa = PBXShellScriptBuildPhase;
			buildActionMask = 2147483647;
			files = (
			);
			inputFileListPaths = (
				"${PODS_ROOT}/Target Support Files/Pods-Commonwealth Project-Commonwealth ProjectUITests/Pods-Commonwealth Project-Commonwealth ProjectUITests-frameworks-${CONFIGURATION}-input-files.xcfilelist",
			);
			name = "[CP] Embed Pods Frameworks";
			outputFileListPaths = (
				"${PODS_ROOT}/Target Support Files/Pods-Commonwealth Project-Commonwealth ProjectUITests/Pods-Commonwealth Project-Commonwealth ProjectUITests-frameworks-${CONFIGURATION}-output-files.xcfilelist",
			);
			runOnlyForDeploymentPostprocessing = 0;
			shellPath = /bin/sh;
			shellScript = "\"${PODS_ROOT}/Target Support Files/Pods-Commonwealth Project-Commonwealth ProjectUITests/Pods-Commonwealth Project-Commonwealth ProjectUITests-frameworks.sh\"\n";
			showEnvVarsInLog = 0;
		};
/* End PBXShellScriptBuildPhase section */

/* Begin PBXSourcesBuildPhase section */
		0E5DB5572581E8E500397EB2 /* Sources */ = {
			isa = PBXSourcesBuildPhase;
			buildActionMask = 2147483647;
			files = (
				0ED3BD242581E9F3008AF9FD /* OrderDetailCustomerCell.swift in Sources */,
				0ED3BCC92581E9EB008AF9FD /* HTTPMethod.swift in Sources */,
				0ED3BD6B2581EA06008AF9FD /* WKWebView+Extensions.swift in Sources */,
				0ED3BD1D2581E9F3008AF9FD /* ListOrderRouter.swift in Sources */,
				0ED3BD322581E9F3008AF9FD /* ArticleVC.swift in Sources */,
				0ED3BD672581EA06008AF9FD /* DateFormatter.swift in Sources */,
				0ED3BDB72581EF46008AF9FD /* CreateEmployeeVC.swift in Sources */,
				0ED3BCC62581E9EB008AF9FD /* HeadlineAPI.swift in Sources */,
				0ED3BCBE2581E9EB008AF9FD /* MedicationDetailResponse.swift in Sources */,
				0ED3BD6D2581EA06008AF9FD /* Animator.swift in Sources */,
				0ED3BCBD2581E9EB008AF9FD /* MedicationDetailQuery.swift in Sources */,
				0ED3BD702581EA06008AF9FD /* Presenterable.swift in Sources */,
				0ED3BD362581E9F3008AF9FD /* ListSourceView.swift in Sources */,
				0E5DB55F2581E8E500397EB2 /* AppDelegate.swift in Sources */,
				0ED3BDBF2581F271008AF9FD /* CreateEmployeeInteractor.swift in Sources */,
				0ED3BD1E2581E9F3008AF9FD /* ListOrderVC.swift in Sources */,
				0ED3BD6A2581EA06008AF9FD /* String+Extensions.swift in Sources */,
				0ED3BD722581EA06008AF9FD /* Viewable.swift in Sources */,
				0ED3BD272581E9F3008AF9FD /* OrderDetailPresenter.swift in Sources */,
				0ED3BCCA2581E9EB008AF9FD /* HTTPClient.swift in Sources */,
				0ED3BD222581E9F3008AF9FD /* OrderDetailStatusCell.swift in Sources */,
				0ED3BD712581EA06008AF9FD /* Routerable.swift in Sources */,
				0ED3BDAF2581EEAE008AF9FD /* DeleteEmployeeAPIService.swift in Sources */,
				0ED3BD382581E9F3008AF9FD /* ListSourceVC.swift in Sources */,
				0ED3BD2E2581E9F3008AF9FD /* DetailArticlePresenter.swift in Sources */,
				0E5DB5692581E8E500397EB2 /* Commonwealth_Project.xcdatamodeld in Sources */,
				0ED3BDA52581ED7F008AF9FD /* ReadEmployeeAPIService.swift in Sources */,
				0ED3BD262581E9F3008AF9FD /* OrderDetailPrescriptionCell.swift in Sources */,
				0ED3BD2F2581E9F3008AF9FD /* DetailArticleRouter.swift in Sources */,
				0ED3BD862581EB97008AF9FD /* CreateEmployeeResponse.swift in Sources */,
				0ED3BDC42581F280008AF9FD /* CreateEmployeeView.swift in Sources */,
				0ED3BD632581EA06008AF9FD /* DataModuleFactory.swift in Sources */,
				0ED3BD402581E9F3008AF9FD /* ListCategoryInteractor.swift in Sources */,
				0ED3BD352581E9F3008AF9FD /* ListSourcePresenter.swift in Sources */,
				0ED3BCBF2581E9EB008AF9FD /* MedicationDetailAPIService.swift in Sources */,
				0ED3BD302581E9F3008AF9FD /* ArticleView.swift in Sources */,
				0ED3BD3E2581E9F3008AF9FD /* ListArticleView.swift in Sources */,
				0ED3BD3F2581E9F3008AF9FD /* ListCategoryPresenter.swift in Sources */,
				0ED3BD682581EA06008AF9FD /* UIViewController+Extensions.swift in Sources */,
				0ED3BCCC2581E9EB008AF9FD /* HTTPReachability.swift in Sources */,
				0ED3BCC12581E9EB008AF9FD /* SourceResponse.swift in Sources */,
				0ED3BCC32581E9EB008AF9FD /* SourceBody.swift in Sources */,
				0ED3BCBC2581E9EB008AF9FD /* ListOfMedicationResponse.swift in Sources */,
				0ED3BD2C2581E9F3008AF9FD /* OrderDetailView.swift in Sources */,
				0ED3BD8B2581EBA4008AF9FD /* CreateEmployeeRequest.swift in Sources */,
				0ED3BD3D2581E9F3008AF9FD /* ListArticleVC.swift in Sources */,
				0ED3BD282581E9F3008AF9FD /* OrderDetailInteractor.swift in Sources */,
				0ED3BD6F2581EA06008AF9FD /* Interactorable.swift in Sources */,
				0ED3BD392581E9F3008AF9FD /* ListArticleInteractor.swift in Sources */,
				0ED3BD952581EBE3008AF9FD /* CreateEmployeeAPIService.swift in Sources */,
				0ED3BD442581E9F3008AF9FD /* ListCategoryVC.swift in Sources */,
				0ED3BD332581E9F3008AF9FD /* ListSourceRouter.swift in Sources */,
				0ED3BCC72581E9EB008AF9FD /* HeadlineBody.swift in Sources */,
				0ED3BD422581E9F3008AF9FD /* ListCategoryView.swift in Sources */,
				0ED3BCBB2581E9EB008AF9FD /* ListOfMedicationAPIService.swift in Sources */,
				0ED3BD292581E9F3008AF9FD /* OrderDetailRouter.swift in Sources */,
				0ED3BDCE2581F292008AF9FD /* CreateEmployeeRouter.swift in Sources */,
				0ED3BD732581EA06008AF9FD /* AnimationFactory.swift in Sources */,
				0ED3BD2B2581E9F3008AF9FD /* OrderDetailVC.swift in Sources */,
				0ED3BD1F2581E9F3008AF9FD /* OrderListView.swift in Sources */,
				0ED3BCCE2581E9EB008AF9FD /* HTTPClientImpl.swift in Sources */,
				0ED3BCC02581E9EB008AF9FD /* SourceAPI.swift in Sources */,
				0ED3BD652581EA06008AF9FD /* PreferenceKey.swift in Sources */,
				0ED3BD192581E9F3008AF9FD /* OrderListCell.swift in Sources */,
				0ED3BD3A2581E9F3008AF9FD /* ListArticleRouter.swift in Sources */,
				0ED3BD902581EBB6008AF9FD /* ReadEmployeeResponse.swift in Sources */,
				0ED3BCCB2581E9EB008AF9FD /* HTTPError.swift in Sources */,
				0ED3BD662581EA06008AF9FD /* CurrencyFormatter.swift in Sources */,
				0ED3BCC42581E9EB008AF9FD /* HeadlineResponse.swift in Sources */,
				0ED3BD6E2581EA06008AF9FD /* ScheduleProvider.swift in Sources */,
				0ED3BCC82581E9EB008AF9FD /* HTTPRequest.swift in Sources */,
				0ED3BDC92581F28A008AF9FD /* CreateEmployeePresenter.swift in Sources */,
				0ED3BCC22581E9EB008AF9FD /* SourceAPIImpl.swift in Sources */,
				0ED3BD2D2581E9F3008AF9FD /* DetailArticleInteractor.swift in Sources */,
				0ED3BD3B2581E9F3008AF9FD /* ListArticlePresenter.swift in Sources */,
				0ED3BD412581E9F3008AF9FD /* ListCategoryRouter.swift in Sources */,
				0ED3BD1B2581E9F3008AF9FD /* ListOrderInteractor.swift in Sources */,
				0ED3BDAA2581EE3F008AF9FD /* UpdateEmployeeAPIService.swift in Sources */,
				0ED3BD642581EA06008AF9FD /* ModuleFactoryImpl.swift in Sources */,
				0ED3BD692581EA06008AF9FD /* UIView+Extensions.swift in Sources */,
				0ED3BCCD2581E9EB008AF9FD /* HTTPAuth.swift in Sources */,
				0ED3BD6C2581EA06008AF9FD /* NSObject+Extensions.swift in Sources */,
				0ED3BCC52581E9EB008AF9FD /* HeadlineAPIImpl.swift in Sources */,
				0ED3BCCF2581E9EB008AF9FD /* HTTPInfo.swift in Sources */,
				0ED3BD1C2581E9F3008AF9FD /* ListOrderPresenter.swift in Sources */,
				0ED3BD342581E9F3008AF9FD /* ListSourceInteractor.swift in Sources */,
			);
			runOnlyForDeploymentPostprocessing = 0;
		};
		0E5DB5702581E8E900397EB2 /* Sources */ = {
			isa = PBXSourcesBuildPhase;
			buildActionMask = 2147483647;
			files = (
				0E5DB5792581E8E900397EB2 /* Commonwealth_ProjectTests.swift in Sources */,
			);
			runOnlyForDeploymentPostprocessing = 0;
		};
		0E5DB57B2581E8E900397EB2 /* Sources */ = {
			isa = PBXSourcesBuildPhase;
			buildActionMask = 2147483647;
			files = (
				0E5DB5842581E8E900397EB2 /* Commonwealth_ProjectUITests.swift in Sources */,
			);
			runOnlyForDeploymentPostprocessing = 0;
		};
/* End PBXSourcesBuildPhase section */

/* Begin PBXTargetDependency section */
		0E5DB5762581E8E900397EB2 /* PBXTargetDependency */ = {
			isa = PBXTargetDependency;
			target = 0E5DB55A2581E8E500397EB2 /* Commonwealth Project */;
			targetProxy = 0E5DB5752581E8E900397EB2 /* PBXContainerItemProxy */;
		};
		0E5DB5812581E8E900397EB2 /* PBXTargetDependency */ = {
			isa = PBXTargetDependency;
			target = 0E5DB55A2581E8E500397EB2 /* Commonwealth Project */;
			targetProxy = 0E5DB5802581E8E900397EB2 /* PBXContainerItemProxy */;
		};
/* End PBXTargetDependency section */

/* Begin PBXVariantGroup section */
		0E5DB5642581E8E500397EB2 /* Main.storyboard */ = {
			isa = PBXVariantGroup;
			children = (
				0E5DB5652581E8E500397EB2 /* Base */,
			);
			name = Main.storyboard;
			sourceTree = "<group>";
		};
		0E5DB56C2581E8E800397EB2 /* LaunchScreen.storyboard */ = {
			isa = PBXVariantGroup;
			children = (
				0E5DB56D2581E8E800397EB2 /* Base */,
			);
			name = LaunchScreen.storyboard;
			sourceTree = "<group>";
		};
/* End PBXVariantGroup section */

/* Begin XCBuildConfiguration section */
		0E5DB5862581E8E900397EB2 /* Debug */ = {
			isa = XCBuildConfiguration;
			buildSettings = {
				ALWAYS_SEARCH_USER_PATHS = NO;
				CLANG_ANALYZER_NONNULL = YES;
				CLANG_ANALYZER_NUMBER_OBJECT_CONVERSION = YES_AGGRESSIVE;
				CLANG_CXX_LANGUAGE_STANDARD = "gnu++14";
				CLANG_CXX_LIBRARY = "libc++";
				CLANG_ENABLE_MODULES = YES;
				CLANG_ENABLE_OBJC_ARC = YES;
				CLANG_ENABLE_OBJC_WEAK = YES;
				CLANG_WARN_BLOCK_CAPTURE_AUTORELEASING = YES;
				CLANG_WARN_BOOL_CONVERSION = YES;
				CLANG_WARN_COMMA = YES;
				CLANG_WARN_CONSTANT_CONVERSION = YES;
				CLANG_WARN_DEPRECATED_OBJC_IMPLEMENTATIONS = YES;
				CLANG_WARN_DIRECT_OBJC_ISA_USAGE = YES_ERROR;
				CLANG_WARN_DOCUMENTATION_COMMENTS = YES;
				CLANG_WARN_EMPTY_BODY = YES;
				CLANG_WARN_ENUM_CONVERSION = YES;
				CLANG_WARN_INFINITE_RECURSION = YES;
				CLANG_WARN_INT_CONVERSION = YES;
				CLANG_WARN_NON_LITERAL_NULL_CONVERSION = YES;
				CLANG_WARN_OBJC_IMPLICIT_RETAIN_SELF = YES;
				CLANG_WARN_OBJC_LITERAL_CONVERSION = YES;
				CLANG_WARN_OBJC_ROOT_CLASS = YES_ERROR;
				CLANG_WARN_QUOTED_INCLUDE_IN_FRAMEWORK_HEADER = YES;
				CLANG_WARN_RANGE_LOOP_ANALYSIS = YES;
				CLANG_WARN_STRICT_PROTOTYPES = YES;
				CLANG_WARN_SUSPICIOUS_MOVE = YES;
				CLANG_WARN_UNGUARDED_AVAILABILITY = YES_AGGRESSIVE;
				CLANG_WARN_UNREACHABLE_CODE = YES;
				CLANG_WARN__DUPLICATE_METHOD_MATCH = YES;
				COPY_PHASE_STRIP = NO;
				DEBUG_INFORMATION_FORMAT = dwarf;
				ENABLE_STRICT_OBJC_MSGSEND = YES;
				ENABLE_TESTABILITY = YES;
				GCC_C_LANGUAGE_STANDARD = gnu11;
				GCC_DYNAMIC_NO_PIC = NO;
				GCC_NO_COMMON_BLOCKS = YES;
				GCC_OPTIMIZATION_LEVEL = 0;
				GCC_PREPROCESSOR_DEFINITIONS = (
					"DEBUG=1",
					"$(inherited)",
				);
				GCC_WARN_64_TO_32_BIT_CONVERSION = YES;
				GCC_WARN_ABOUT_RETURN_TYPE = YES_ERROR;
				GCC_WARN_UNDECLARED_SELECTOR = YES;
				GCC_WARN_UNINITIALIZED_AUTOS = YES_AGGRESSIVE;
				GCC_WARN_UNUSED_FUNCTION = YES;
				GCC_WARN_UNUSED_VARIABLE = YES;
				IPHONEOS_DEPLOYMENT_TARGET = 12.0;
				MTL_ENABLE_DEBUG_INFO = INCLUDE_SOURCE;
				MTL_FAST_MATH = YES;
				ONLY_ACTIVE_ARCH = YES;
				SDKROOT = iphoneos;
				SWIFT_ACTIVE_COMPILATION_CONDITIONS = DEBUG;
				SWIFT_OPTIMIZATION_LEVEL = "-Onone";
			};
			name = Debug;
		};
		0E5DB5872581E8E900397EB2 /* Release */ = {
			isa = XCBuildConfiguration;
			buildSettings = {
				ALWAYS_SEARCH_USER_PATHS = NO;
				CLANG_ANALYZER_NONNULL = YES;
				CLANG_ANALYZER_NUMBER_OBJECT_CONVERSION = YES_AGGRESSIVE;
				CLANG_CXX_LANGUAGE_STANDARD = "gnu++14";
				CLANG_CXX_LIBRARY = "libc++";
				CLANG_ENABLE_MODULES = YES;
				CLANG_ENABLE_OBJC_ARC = YES;
				CLANG_ENABLE_OBJC_WEAK = YES;
				CLANG_WARN_BLOCK_CAPTURE_AUTORELEASING = YES;
				CLANG_WARN_BOOL_CONVERSION = YES;
				CLANG_WARN_COMMA = YES;
				CLANG_WARN_CONSTANT_CONVERSION = YES;
				CLANG_WARN_DEPRECATED_OBJC_IMPLEMENTATIONS = YES;
				CLANG_WARN_DIRECT_OBJC_ISA_USAGE = YES_ERROR;
				CLANG_WARN_DOCUMENTATION_COMMENTS = YES;
				CLANG_WARN_EMPTY_BODY = YES;
				CLANG_WARN_ENUM_CONVERSION = YES;
				CLANG_WARN_INFINITE_RECURSION = YES;
				CLANG_WARN_INT_CONVERSION = YES;
				CLANG_WARN_NON_LITERAL_NULL_CONVERSION = YES;
				CLANG_WARN_OBJC_IMPLICIT_RETAIN_SELF = YES;
				CLANG_WARN_OBJC_LITERAL_CONVERSION = YES;
				CLANG_WARN_OBJC_ROOT_CLASS = YES_ERROR;
				CLANG_WARN_QUOTED_INCLUDE_IN_FRAMEWORK_HEADER = YES;
				CLANG_WARN_RANGE_LOOP_ANALYSIS = YES;
				CLANG_WARN_STRICT_PROTOTYPES = YES;
				CLANG_WARN_SUSPICIOUS_MOVE = YES;
				CLANG_WARN_UNGUARDED_AVAILABILITY = YES_AGGRESSIVE;
				CLANG_WARN_UNREACHABLE_CODE = YES;
				CLANG_WARN__DUPLICATE_METHOD_MATCH = YES;
				COPY_PHASE_STRIP = NO;
				DEBUG_INFORMATION_FORMAT = "dwarf-with-dsym";
				ENABLE_NS_ASSERTIONS = NO;
				ENABLE_STRICT_OBJC_MSGSEND = YES;
				GCC_C_LANGUAGE_STANDARD = gnu11;
				GCC_NO_COMMON_BLOCKS = YES;
				GCC_WARN_64_TO_32_BIT_CONVERSION = YES;
				GCC_WARN_ABOUT_RETURN_TYPE = YES_ERROR;
				GCC_WARN_UNDECLARED_SELECTOR = YES;
				GCC_WARN_UNINITIALIZED_AUTOS = YES_AGGRESSIVE;
				GCC_WARN_UNUSED_FUNCTION = YES;
				GCC_WARN_UNUSED_VARIABLE = YES;
				IPHONEOS_DEPLOYMENT_TARGET = 12.0;
				MTL_ENABLE_DEBUG_INFO = NO;
				MTL_FAST_MATH = YES;
				SDKROOT = iphoneos;
				SWIFT_COMPILATION_MODE = wholemodule;
				SWIFT_OPTIMIZATION_LEVEL = "-O";
				VALIDATE_PRODUCT = YES;
			};
			name = Release;
		};
		0E5DB5892581E8E900397EB2 /* Debug */ = {
			isa = XCBuildConfiguration;
			baseConfigurationReference = 629B081E9854A8A850600E76 /* Pods-Commonwealth Project.debug.xcconfig */;
			buildSettings = {
				ASSETCATALOG_COMPILER_APPICON_NAME = AppIcon;
				ASSETCATALOG_COMPILER_GLOBAL_ACCENT_COLOR_NAME = AccentColor;
				CODE_SIGN_STYLE = Automatic;
				DEVELOPMENT_TEAM = 887YABDAR6;
				INFOPLIST_FILE = "Commonwealth Project/Info.plist";
				IPHONEOS_DEPLOYMENT_TARGET = 12.0;
				LD_RUNPATH_SEARCH_PATHS = (
					"$(inherited)",
					"@executable_path/Frameworks",
				);
				PRODUCT_BUNDLE_IDENTIFIER = "com.nurirppan.Commonwealth-Project";
				PRODUCT_NAME = "$(TARGET_NAME)";
				SWIFT_VERSION = 5.0;
				TARGETED_DEVICE_FAMILY = 1;
			};
			name = Debug;
		};
		0E5DB58A2581E8E900397EB2 /* Release */ = {
			isa = XCBuildConfiguration;
			baseConfigurationReference = 111CB53C204096860D0A24AA /* Pods-Commonwealth Project.release.xcconfig */;
			buildSettings = {
				ASSETCATALOG_COMPILER_APPICON_NAME = AppIcon;
				ASSETCATALOG_COMPILER_GLOBAL_ACCENT_COLOR_NAME = AccentColor;
				CODE_SIGN_STYLE = Automatic;
				DEVELOPMENT_TEAM = 887YABDAR6;
				INFOPLIST_FILE = "Commonwealth Project/Info.plist";
				IPHONEOS_DEPLOYMENT_TARGET = 12.0;
				LD_RUNPATH_SEARCH_PATHS = (
					"$(inherited)",
					"@executable_path/Frameworks",
				);
				PRODUCT_BUNDLE_IDENTIFIER = "com.nurirppan.Commonwealth-Project";
				PRODUCT_NAME = "$(TARGET_NAME)";
				SWIFT_VERSION = 5.0;
				TARGETED_DEVICE_FAMILY = 1;
			};
			name = Release;
		};
		0E5DB58C2581E8E900397EB2 /* Debug */ = {
			isa = XCBuildConfiguration;
			baseConfigurationReference = D4A32562310142B3387DA219 /* Pods-Commonwealth ProjectTests.debug.xcconfig */;
			buildSettings = {
				ALWAYS_EMBED_SWIFT_STANDARD_LIBRARIES = YES;
				BUNDLE_LOADER = "$(TEST_HOST)";
				CODE_SIGN_STYLE = Automatic;
				DEVELOPMENT_TEAM = 887YABDAR6;
				INFOPLIST_FILE = "Commonwealth ProjectTests/Info.plist";
				IPHONEOS_DEPLOYMENT_TARGET = 14.1;
				LD_RUNPATH_SEARCH_PATHS = (
					"$(inherited)",
					"@executable_path/Frameworks",
					"@loader_path/Frameworks",
				);
				PRODUCT_BUNDLE_IDENTIFIER = "com.nurirppan.Commonwealth-ProjectTests";
				PRODUCT_NAME = "$(TARGET_NAME)";
				SWIFT_VERSION = 5.0;
				TARGETED_DEVICE_FAMILY = "1,2";
				TEST_HOST = "$(BUILT_PRODUCTS_DIR)/Commonwealth Project.app/Commonwealth Project";
			};
			name = Debug;
		};
		0E5DB58D2581E8E900397EB2 /* Release */ = {
			isa = XCBuildConfiguration;
			baseConfigurationReference = 4DD5C33A5053F4475B1913D1 /* Pods-Commonwealth ProjectTests.release.xcconfig */;
			buildSettings = {
				ALWAYS_EMBED_SWIFT_STANDARD_LIBRARIES = YES;
				BUNDLE_LOADER = "$(TEST_HOST)";
				CODE_SIGN_STYLE = Automatic;
				DEVELOPMENT_TEAM = 887YABDAR6;
				INFOPLIST_FILE = "Commonwealth ProjectTests/Info.plist";
				IPHONEOS_DEPLOYMENT_TARGET = 14.1;
				LD_RUNPATH_SEARCH_PATHS = (
					"$(inherited)",
					"@executable_path/Frameworks",
					"@loader_path/Frameworks",
				);
				PRODUCT_BUNDLE_IDENTIFIER = "com.nurirppan.Commonwealth-ProjectTests";
				PRODUCT_NAME = "$(TARGET_NAME)";
				SWIFT_VERSION = 5.0;
				TARGETED_DEVICE_FAMILY = "1,2";
				TEST_HOST = "$(BUILT_PRODUCTS_DIR)/Commonwealth Project.app/Commonwealth Project";
			};
			name = Release;
		};
		0E5DB58F2581E8E900397EB2 /* Debug */ = {
			isa = XCBuildConfiguration;
			baseConfigurationReference = 4E24E2D3200D100653454DE5 /* Pods-Commonwealth Project-Commonwealth ProjectUITests.debug.xcconfig */;
			buildSettings = {
				ALWAYS_EMBED_SWIFT_STANDARD_LIBRARIES = YES;
				CODE_SIGN_STYLE = Automatic;
				DEVELOPMENT_TEAM = 887YABDAR6;
				INFOPLIST_FILE = "Commonwealth ProjectUITests/Info.plist";
				LD_RUNPATH_SEARCH_PATHS = (
					"$(inherited)",
					"@executable_path/Frameworks",
					"@loader_path/Frameworks",
				);
				PRODUCT_BUNDLE_IDENTIFIER = "com.nurirppan.Commonwealth-ProjectUITests";
				PRODUCT_NAME = "$(TARGET_NAME)";
				SWIFT_VERSION = 5.0;
				TARGETED_DEVICE_FAMILY = "1,2";
				TEST_TARGET_NAME = "Commonwealth Project";
			};
			name = Debug;
		};
		0E5DB5902581E8E900397EB2 /* Release */ = {
			isa = XCBuildConfiguration;
			baseConfigurationReference = 4EE604C88FD15F0CD635962D /* Pods-Commonwealth Project-Commonwealth ProjectUITests.release.xcconfig */;
			buildSettings = {
				ALWAYS_EMBED_SWIFT_STANDARD_LIBRARIES = YES;
				CODE_SIGN_STYLE = Automatic;
				DEVELOPMENT_TEAM = 887YABDAR6;
				INFOPLIST_FILE = "Commonwealth ProjectUITests/Info.plist";
				LD_RUNPATH_SEARCH_PATHS = (
					"$(inherited)",
					"@executable_path/Frameworks",
					"@loader_path/Frameworks",
				);
				PRODUCT_BUNDLE_IDENTIFIER = "com.nurirppan.Commonwealth-ProjectUITests";
				PRODUCT_NAME = "$(TARGET_NAME)";
				SWIFT_VERSION = 5.0;
				TARGETED_DEVICE_FAMILY = "1,2";
				TEST_TARGET_NAME = "Commonwealth Project";
			};
			name = Release;
		};
/* End XCBuildConfiguration section */

/* Begin XCConfigurationList section */
		0E5DB5562581E8E500397EB2 /* Build configuration list for PBXProject "Commonwealth Project" */ = {
			isa = XCConfigurationList;
			buildConfigurations = (
				0E5DB5862581E8E900397EB2 /* Debug */,
				0E5DB5872581E8E900397EB2 /* Release */,
			);
			defaultConfigurationIsVisible = 0;
			defaultConfigurationName = Release;
		};
		0E5DB5882581E8E900397EB2 /* Build configuration list for PBXNativeTarget "Commonwealth Project" */ = {
			isa = XCConfigurationList;
			buildConfigurations = (
				0E5DB5892581E8E900397EB2 /* Debug */,
				0E5DB58A2581E8E900397EB2 /* Release */,
			);
			defaultConfigurationIsVisible = 0;
			defaultConfigurationName = Release;
		};
		0E5DB58B2581E8E900397EB2 /* Build configuration list for PBXNativeTarget "Commonwealth ProjectTests" */ = {
			isa = XCConfigurationList;
			buildConfigurations = (
				0E5DB58C2581E8E900397EB2 /* Debug */,
				0E5DB58D2581E8E900397EB2 /* Release */,
			);
			defaultConfigurationIsVisible = 0;
			defaultConfigurationName = Release;
		};
		0E5DB58E2581E8E900397EB2 /* Build configuration list for PBXNativeTarget "Commonwealth ProjectUITests" */ = {
			isa = XCConfigurationList;
			buildConfigurations = (
				0E5DB58F2581E8E900397EB2 /* Debug */,
				0E5DB5902581E8E900397EB2 /* Release */,
			);
			defaultConfigurationIsVisible = 0;
			defaultConfigurationName = Release;
		};
/* End XCConfigurationList section */

/* Begin XCVersionGroup section */
		0E5DB5672581E8E500397EB2 /* Commonwealth_Project.xcdatamodeld */ = {
			isa = XCVersionGroup;
			children = (
				0E5DB5682581E8E500397EB2 /* Commonwealth_Project.xcdatamodel */,
			);
			currentVersion = 0E5DB5682581E8E500397EB2 /* Commonwealth_Project.xcdatamodel */;
			path = Commonwealth_Project.xcdatamodeld;
			sourceTree = "<group>";
			versionGroupType = wrapper.xcdatamodel;
		};
/* End XCVersionGroup section */
	};
	rootObject = 0E5DB5532581E8E500397EB2 /* Project object */;
}
